// !$*UTF8*$!
{
	archiveVersion = 1;
	classes = {
	};
	objectVersion = 110;
	objects = {

/* Begin PBXCopyFilesBuildPhase section */
		9252DF361AFD3557007B079F /* CopyFiles */ = {
			isa = PBXCopyFilesBuildPhase;
			dstPath = "";
			dstSubfolder = Frameworks;
			files = (
			);
		};
		9291F8AB2AE2126B00E80F14 /* CopyFiles */ = {
			isa = PBXCopyFilesBuildPhase;
			dstPath = Fonts;
			dstSubfolder = Resources;
			files = (
			);
		};
/* End PBXCopyFilesBuildPhase section */

/* Begin PBXFileReference section */
		9242A55C1A82A136005AA4B3 /* Itsycal.app */ = {isa = PBXFileReference; explicitFileType = wrapper.application; includeInIndex = 0; path = Itsycal.app; sourceTree = BUILT_PRODUCTS_DIR; };
		92CF00001A82A136005AA4B3 /* Local.xcconfig */ = {isa = PBXFileReference; lastKnownFileType = text.xcconfig; path = Local.xcconfig; sourceTree = SOURCE_ROOT; };
/* End PBXFileReference section */

/* Begin PBXFileSystemSynchronizedBuildFileExceptionSet section */
		92488FE73072079E00E9229D /* Exceptions for "Itsycal" folder in "Itsycal" target */ = {
			isa = PBXFileSystemSynchronizedBuildFileExceptionSet;
			membershipExceptions = (
				Fonts/Mow.otf,
				Info.plist,
			);
			target = 9242A55B1A82A136005AA4B3 /* Itsycal */;
		};
/* End PBXFileSystemSynchronizedBuildFileExceptionSet section */

/* Begin PBXFileSystemSynchronizedGroupBuildPhaseMembershipExceptionSet section */
		92488FE83072079E00E9229D /* Exceptions for "Itsycal" folder in "Copy Files" phase from "Itsycal" target */ = {
			isa = PBXFileSystemSynchronizedGroupBuildPhaseMembershipExceptionSet;
			attributesByRelativePath = {
				Frameworks/MASShortcut.framework = (CodeSignOnCopy, RemoveHeadersOnCopy, );
				Frameworks/Sparkle.framework = (CodeSignOnCopy, RemoveHeadersOnCopy, );
			};
			buildPhase = 9252DF361AFD3557007B079F /* CopyFiles */;
			membershipExceptions = (
				Frameworks/MASShortcut.framework,
				Frameworks/Sparkle.framework,
			);
		};
		92488FE93072079E00E9229D /* Exceptions for "Itsycal" folder in "Copy Files" phase from "Itsycal" target */ = {
			isa = PBXFileSystemSynchronizedGroupBuildPhaseMembershipExceptionSet;
			buildPhase = 9291F8AB2AE2126B00E80F14 /* CopyFiles */;
			membershipExceptions = (
				Fonts/Mow.otf,
			);
		};
/* End PBXFileSystemSynchronizedGroupBuildPhaseMembershipExceptionSet section */

/* Begin PBXFileSystemSynchronizedRootGroup section */
		92488FB93072079D00E9229D /* Itsycal */ = {
			isa = PBXFileSystemSynchronizedRootGroup;
			exceptions = (
				92488FE73072079E00E9229D /* Exceptions for "Itsycal" folder in "Itsycal" target */,
				92488FE83072079E00E9229D /* Exceptions for "Itsycal" folder in "Copy Files" phase from "Itsycal" target */,
				92488FE93072079E00E9229D /* Exceptions for "Itsycal" folder in "Copy Files" phase from "Itsycal" target */,
			);
			path = Itsycal;
			sourceTree = "<group>";
		};
/* End PBXFileSystemSynchronizedRootGroup section */

/* Begin PBXFrameworksBuildPhase section */
		9242A5591A82A136005AA4B3 /* Frameworks */ = {
			isa = PBXFrameworksBuildPhase;
			files = (
			);
		};
/* End PBXFrameworksBuildPhase section */

/* Begin PBXGroup section */
		9242A5531A82A136005AA4B3 = {
			isa = PBXGroup;
			children = (
				92488FB93072079D00E9229D /* Itsycal */,
				9242A55D1A82A136005AA4B3 /* Products */,
				92CF00001A82A136005AA4B3 /* Local.xcconfig */,
			);
			sourceTree = "<group>";
		};
		9242A55D1A82A136005AA4B3 /* Products */ = {
			isa = PBXGroup;
			children = (
				9242A55C1A82A136005AA4B3 /* Itsycal.app */,
			);
			name = Products;
			sourceTree = "<group>";
		};
/* End PBXGroup section */

/* Begin PBXNativeTarget section */
		9242A55B1A82A136005AA4B3 /* Itsycal */ = {
			isa = PBXNativeTarget;
			buildConfigurationList = 9242A5791A82A136005AA4B3 /* Build configuration list for PBXNativeTarget "Itsycal" */;
			buildPhases = (
				9242A5581A82A136005AA4B3 /* Sources */,
				9242A5591A82A136005AA4B3 /* Frameworks */,
				9242A55A1A82A136005AA4B3 /* Resources */,
				9252DF361AFD3557007B079F /* CopyFiles */,
				9291F8AB2AE2126B00E80F14 /* CopyFiles */,
				921949F4225D287F00223258 /* ShellScript */,
			);
			buildRules = (
			);
			fileSystemSynchronizedGroups = (
				92488FB93072079D00E9229D /* Itsycal */,
			);
			name = Itsycal;
			productName = Moon;
			productReference = 9242A55C1A82A136005AA4B3 /* Itsycal.app */;
			productType = "com.apple.product-type.application";
		};
/* End PBXNativeTarget section */

/* Begin PBXProject section */
		9242A5541A82A136005AA4B3 /* Project object */ = {
			isa = PBXProject;
			attributes = {
				BuildIndependentTargetsInParallel = YES;
				LastUpgradeCheck = 2620;
				ORGANIZATIONNAME = mowglii.com;
				TargetAttributes = {
					9242A55B1A82A136005AA4B3 = {
						CreatedOnToolsVersion = 6.1.1;
						SystemCapabilities = {
							com.apple.HardenedRuntime = {
								enabled = 1;
							};
						};
					};
				};
			};
			buildConfigurationList = 9242A5571A82A136005AA4B3 /* Build configuration list for PBXProject "Itsycal" */;
			developmentRegion = en;
			hasScannedForEncodings = 0;
			knownRegions = (
				en,
				Base,
				cs,
				fr,
				es,
				it,
				de,
				ko,
				"zh-Hans",
			);
			mainGroup = 9242A5531A82A136005AA4B3;
			preferredProjectObjectVersion = 110;
			productRefGroup = 9242A55D1A82A136005AA4B3 /* Products */;
			projectDirPath = "";
			projectRoot = "";
			targets = (
				9242A55B1A82A136005AA4B3 /* Itsycal */,
			);
		};
/* End PBXProject section */

/* Begin PBXResourcesBuildPhase section */
		9242A55A1A82A136005AA4B3 /* Resources */ = {
			isa = PBXResourcesBuildPhase;
			files = (
			);
		};
/* End PBXResourcesBuildPhase section */

/* Begin PBXShellScriptBuildPhase section */
		921949F4225D287F00223258 /* ShellScript */ = {
			isa = PBXShellScriptBuildPhase;
			alwaysOutOfDate = 1;
			runOnlyForDeploymentPostprocessing = 1;
			shellPath = /bin/sh;
			shellScript = (
				"# For notarization we need to deep codesign Sparkle.",
				"# github.com/sparkle-project/Sparkle/issues/1266#issuecomment-421182578",
				"LOCATION=\"${BUILT_PRODUCTS_DIR}\"/\"${FRAMEWORKS_FOLDER_PATH}\"",
				"IDENTITY=\"${CODE_SIGN_IDENTITY}\"",
				"codesign --verbose --force --deep -o runtime --sign \"$IDENTITY\" \"$LOCATION/Sparkle.framework/Versions/A/Resources/AutoUpdate.app\"",
				"codesign --verbose --force -o runtime --sign \"$IDENTITY\" \"$LOCATION/Sparkle.framework/Versions/A\"",
				"",
			);
		};
/* End PBXShellScriptBuildPhase section */

/* Begin PBXSourcesBuildPhase section */
		9242A5581A82A136005AA4B3 /* Sources */ = {
			isa = PBXSourcesBuildPhase;
			files = (
			);
		};
/* End PBXSourcesBuildPhase section */

/* Begin XCBuildConfiguration section */
		9242A5771A82A136005AA4B3 /* Debug configuration for PBXProject "Itsycal" */ = {
			isa = XCBuildConfiguration;
			buildSettings = {
				ALWAYS_SEARCH_USER_PATHS = NO;
				CLANG_ANALYZER_LOCALIZABILITY_NONLOCALIZED = YES;
				CLANG_CXX_LANGUAGE_STANDARD = "gnu++0x";
				CLANG_CXX_LIBRARY = "libc++";
				CLANG_ENABLE_MODULES = YES;
				CLANG_ENABLE_OBJC_ARC = YES;
				CLANG_WARN_BLOCK_CAPTURE_AUTORELEASING = YES;
				CLANG_WARN_BOOL_CONVERSION = YES;
				CLANG_WARN_COMMA = YES;
				CLANG_WARN_CONSTANT_CONVERSION = YES;
				CLANG_WARN_DEPRECATED_OBJC_IMPLEMENTATIONS = YES;
				CLANG_WARN_DIRECT_OBJC_ISA_USAGE = YES_ERROR;
				CLANG_WARN_EMPTY_BODY = YES;
				CLANG_WARN_ENUM_CONVERSION = YES;
				CLANG_WARN_INFINITE_RECURSION = YES;
				CLANG_WARN_INT_CONVERSION = YES;
				CLANG_WARN_NON_LITERAL_NULL_CONVERSION = YES;
				CLANG_WARN_OBJC_IMPLICIT_RETAIN_SELF = YES;
				CLANG_WARN_OBJC_LITERAL_CONVERSION = YES;
				CLANG_WARN_OBJC_ROOT_CLASS = YES_ERROR;
				CLANG_WARN_QUOTED_INCLUDE_IN_FRAMEWORK_HEADER = NO;
				CLANG_WARN_RANGE_LOOP_ANALYSIS = YES;
				CLANG_WARN_STRICT_PROTOTYPES = YES;
				CLANG_WARN_SUSPICIOUS_MOVE = YES;
				CLANG_WARN_UNREACHABLE_CODE = YES;
				CLANG_WARN__DUPLICATE_METHOD_MATCH = YES;
				CODE_SIGN_IDENTITY = "-";
				CODE_SIGN_STYLE = Automatic;
				COPY_PHASE_STRIP = NO;
				DEAD_CODE_STRIPPING = YES;
				DEVELOPMENT_TEAM = "";
				ENABLE_HARDENED_RUNTIME = NO;
				ENABLE_STRICT_OBJC_MSGSEND = YES;
				ENABLE_TESTABILITY = YES;
				GCC_C_LANGUAGE_STANDARD = gnu99;
				GCC_DYNAMIC_NO_PIC = NO;
				GCC_NO_COMMON_BLOCKS = YES;
				GCC_OPTIMIZATION_LEVEL = 0;
				GCC_PREPROCESSOR_DEFINITIONS = (
					"DEBUG=1",
					"$(inherited)",
				);
				GCC_SYMBOLS_PRIVATE_EXTERN = NO;
				GCC_WARN_64_TO_32_BIT_CONVERSION = YES;
				GCC_WARN_ABOUT_RETURN_TYPE = YES_ERROR;
				GCC_WARN_UNDECLARED_SELECTOR = YES;
				GCC_WARN_UNINITIALIZED_AUTOS = YES_AGGRESSIVE;
				GCC_WARN_UNUSED_FUNCTION = YES;
				GCC_WARN_UNUSED_VARIABLE = YES;
				MACOSX_DEPLOYMENT_TARGET = 27.0;
				MTL_ENABLE_DEBUG_INFO = YES;
				ONLY_ACTIVE_ARCH = YES;
				SDKROOT = macosx;
			};
			name = Debug;
		};
		9242A5781A82A136005AA4B3 /* Release configuration for PBXProject "Itsycal" */ = {
			isa = XCBuildConfiguration;
			buildSettings = {
				ALWAYS_SEARCH_USER_PATHS = NO;
				CLANG_ANALYZER_LOCALIZABILITY_NONLOCALIZED = YES;
				CLANG_CXX_LANGUAGE_STANDARD = "gnu++0x";
				CLANG_CXX_LIBRARY = "libc++";
				CLANG_ENABLE_MODULES = YES;
				CLANG_ENABLE_OBJC_ARC = YES;
				CLANG_WARN_BLOCK_CAPTURE_AUTORELEASING = YES;
				CLANG_WARN_BOOL_CONVERSION = YES;
				CLANG_WARN_COMMA = YES;
				CLANG_WARN_CONSTANT_CONVERSION = YES;
				CLANG_WARN_DEPRECATED_OBJC_IMPLEMENTATIONS = YES;
				CLANG_WARN_DIRECT_OBJC_ISA_USAGE = YES_ERROR;
				CLANG_WARN_EMPTY_BODY = YES;
				CLANG_WARN_ENUM_CONVERSION = YES;
				CLANG_WARN_INFINITE_RECURSION = YES;
				CLANG_WARN_INT_CONVERSION = YES;
				CLANG_WARN_NON_LITERAL_NULL_CONVERSION = YES;
				CLANG_WARN_OBJC_IMPLICIT_RETAIN_SELF = YES;
				CLANG_WARN_OBJC_LITERAL_CONVERSION = YES;
				CLANG_WARN_OBJC_ROOT_CLASS = YES_ERROR;
				CLANG_WARN_QUOTED_INCLUDE_IN_FRAMEWORK_HEADER = NO;
				CLANG_WARN_RANGE_LOOP_ANALYSIS = YES;
				CLANG_WARN_STRICT_PROTOTYPES = YES;
				CLANG_WARN_SUSPICIOUS_MOVE = YES;
				CLANG_WARN_UNREACHABLE_CODE = YES;
				CLANG_WARN__DUPLICATE_METHOD_MATCH = YES;
				CODE_SIGN_IDENTITY = "-";
				CODE_SIGN_STYLE = Automatic;
				COPY_PHASE_STRIP = YES;
				DEAD_CODE_STRIPPING = YES;
				DEBUG_INFORMATION_FORMAT = "dwarf-with-dsym";
				DEVELOPMENT_TEAM = "";
				ENABLE_HARDENED_RUNTIME = NO;
				ENABLE_NS_ASSERTIONS = NO;
				ENABLE_STRICT_OBJC_MSGSEND = YES;
				GCC_C_LANGUAGE_STANDARD = gnu99;
				GCC_NO_COMMON_BLOCKS = YES;
				GCC_WARN_64_TO_32_BIT_CONVERSION = YES;
				GCC_WARN_ABOUT_RETURN_TYPE = YES_ERROR;
				GCC_WARN_UNDECLARED_SELECTOR = YES;
				GCC_WARN_UNINITIALIZED_AUTOS = YES_AGGRESSIVE;
				GCC_WARN_UNUSED_FUNCTION = YES;
				GCC_WARN_UNUSED_VARIABLE = YES;
				MACOSX_DEPLOYMENT_TARGET = 27.0;
				MTL_ENABLE_DEBUG_INFO = NO;
				ONLY_ACTIVE_ARCH = NO;
				SDKROOT = macosx;
			};
			name = Release;
		};
		9242A57A1A82A136005AA4B3 /* Debug configuration for PBXNativeTarget "Itsycal" */ = {
			isa = XCBuildConfiguration;
			baseConfigurationReference = 92CF00001A82A136005AA4B3 /* Local.xcconfig */;
			buildSettings = {
				ASSETCATALOG_COMPILER_APPICON_NAME = AppIcon;
				CODE_SIGN_ENTITLEMENTS = Itsycal/Itsycal.entitlements;
				COMBINE_HIDPI_IMAGES = YES;
				CURRENT_PROJECT_VERSION = 7001;
				DEAD_CODE_STRIPPING = YES;
				FRAMEWORK_SEARCH_PATHS = (
					"$(inherited)",
					"$(PROJECT_DIR)/Itsycal/Frameworks",
				);
				INFOPLIST_FILE = Itsycal/Info.plist;
				LD_RUNPATH_SEARCH_PATHS = (
					"$(inherited)",
					"@executable_path/../Frameworks",
				);
				MARKETING_VERSION = 0.27.1;
				OTHER_LDFLAGS = "-Wl,-rpath,@loader_path/../Frameworks";
				PRODUCT_BUNDLE_IDENTIFIER = "com.mowglii.$(PRODUCT_NAME:rfc1034identifier)App";
				PRODUCT_NAME = "$(TARGET_NAME)";
			};
			name = Debug;
		};
		9242A57B1A82A136005AA4B3 /* Release configuration for PBXNativeTarget "Itsycal" */ = {
			isa = XCBuildConfiguration;
			baseConfigurationReference = 92CF00001A82A136005AA4B3 /* Local.xcconfig */;
			buildSettings = {
				ASSETCATALOG_COMPILER_APPICON_NAME = AppIcon;
				CODE_SIGN_ENTITLEMENTS = Itsycal/Itsycal.entitlements;
				COMBINE_HIDPI_IMAGES = YES;
				COPY_PHASE_STRIP = NO;
				CURRENT_PROJECT_VERSION = 7001;
				DEAD_CODE_STRIPPING = YES;
				FRAMEWORK_SEARCH_PATHS = (
					"$(inherited)",
					"$(PROJECT_DIR)/Itsycal/Frameworks",
				);
				INFOPLIST_FILE = Itsycal/Info.plist;
				LD_RUNPATH_SEARCH_PATHS = (
					"$(inherited)",
					"@executable_path/../Frameworks",
				);
				MARKETING_VERSION = 0.27.1;
				OTHER_LDFLAGS = "-Wl,-rpath,@loader_path/../Frameworks";
				PRODUCT_BUNDLE_IDENTIFIER = "com.mowglii.$(PRODUCT_NAME:rfc1034identifier)App";
				PRODUCT_NAME = "$(TARGET_NAME)";
			};
			name = Release;
		};
/* End XCBuildConfiguration section */

/* Begin XCConfigurationList section */
		9242A5571A82A136005AA4B3 /* Build configuration list for PBXProject "Itsycal" */ = {
			isa = XCConfigurationList;
			buildConfigurations = (
				9242A5771A82A136005AA4B3 /* Debug configuration for PBXProject "Itsycal" */,
				9242A5781A82A136005AA4B3 /* Release configuration for PBXProject "Itsycal" */,
			);
			defaultConfigurationName = Release;
		};
		9242A5791A82A136005AA4B3 /* Build configuration list for PBXNativeTarget "Itsycal" */ = {
			isa = XCConfigurationList;
			buildConfigurations = (
				9242A57A1A82A136005AA4B3 /* Debug configuration for PBXNativeTarget "Itsycal" */,
				9242A57B1A82A136005AA4B3 /* Release configuration for PBXNativeTarget "Itsycal" */,
			);
			defaultConfigurationName = Release;
		};
/* End XCConfigurationList section */
	};
	rootObject = 9242A5541A82A136005AA4B3 /* Project object */;
}
