// !$*UTF8*$!
{
	archiveVersion = 1;
	classes = {
	};
	objectVersion = 46;
	objects = {

/* Begin PBXBuildFile section */
		9200F0151A940BF800CA36A9 /* InfoPlist.strings in Resources */ = {isa = PBXBuildFile; fileRef = 9200F0171A940BF800CA36A9 /* InfoPlist.strings */; };
		9219CC261A8990F700B6E159 /* MenuCracker.menu in Resources */ = {isa = PBXBuildFile; fileRef = 9219CC251A8990F700B6E159 /* MenuCracker.menu */; };
		921CD1731A8934DC007B60C0 /* SystemUIPlugin.framework in Frameworks */ = {isa = PBXBuildFile; fileRef = 921CD1721A8934DC007B60C0 /* SystemUIPlugin.framework */; };
		921CD1771A89355B007B60C0 /* ItsycalExtra.m in Sources */ = {isa = PBXBuildFile; fileRef = 921CD1761A89355B007B60C0 /* ItsycalExtra.m */; };
		921CD1781A893880007B60C0 /* Itsycal.m in Sources */ = {isa = PBXBuildFile; fileRef = 9242A5951A82BE5E005AA4B3 /* Itsycal.m */; };
		921CD1841A8979F8007B60C0 /* Localizable.strings in Resources */ = {isa = PBXBuildFile; fileRef = 921CD1861A8979F8007B60C0 /* Localizable.strings */; };
		922232CD1A8DF672003BFAD9 /* EventCenter.m in Sources */ = {isa = PBXBuildFile; fileRef = 922232CC1A8DF672003BFAD9 /* EventCenter.m */; };
		9222B56D1A899B3500CCAC22 /* ItsycalExtra.menu in Resources */ = {isa = PBXBuildFile; fileRef = 921CD16B1A893420007B60C0 /* ItsycalExtra.menu */; };
		9224B0751A8BE75500D63030 /* MoButton.m in Sources */ = {isa = PBXBuildFile; fileRef = 9224B0741A8BE75500D63030 /* MoButton.m */; };
		922B6BB81A85CC7800DEA9CD /* PrefsViewController.m in Sources */ = {isa = PBXBuildFile; fileRef = 922B6BB71A85CC7800DEA9CD /* PrefsViewController.m */; };
		922B6BBB1A85E0EC00DEA9CD /* MoTextField.m in Sources */ = {isa = PBXBuildFile; fileRef = 922B6BBA1A85E0EC00DEA9CD /* MoTextField.m */; };
		922B6BBE1A87EDBD00DEA9CD /* Localizable.strings in Resources */ = {isa = PBXBuildFile; fileRef = 922B6BC01A87EDBD00DEA9CD /* Localizable.strings */; };
		922B6BC41A87EDBE00DEA9CD /* InfoPlist.strings in Resources */ = {isa = PBXBuildFile; fileRef = 922B6BC61A87EDBE00DEA9CD /* InfoPlist.strings */; };
		923E78E01D385D480012979B /* Sparkle.framework in CopyFiles */ = {isa = PBXBuildFile; fileRef = 923E78DD1D385CF60012979B /* Sparkle.framework */; settings = {ATTRIBUTES = (CodeSignOnCopy, RemoveHeadersOnCopy, ); }; };
		923E78E11D385D4F0012979B /* MASShortcut.framework in CopyFiles */ = {isa = PBXBuildFile; fileRef = 923E78DC1D385CF60012979B /* MASShortcut.framework */; settings = {ATTRIBUTES = (CodeSignOnCopy, RemoveHeadersOnCopy, ); }; };
		923E78E21D385FD80012979B /* MASShortcut.framework in Frameworks */ = {isa = PBXBuildFile; fileRef = 923E78DC1D385CF60012979B /* MASShortcut.framework */; };
		923E78E31D385FDB0012979B /* Sparkle.framework in Frameworks */ = {isa = PBXBuildFile; fileRef = 923E78DD1D385CF60012979B /* Sparkle.framework */; };
		9242A5631A82A136005AA4B3 /* AppDelegate.m in Sources */ = {isa = PBXBuildFile; fileRef = 9242A5621A82A136005AA4B3 /* AppDelegate.m */; };
		9242A5651A82A136005AA4B3 /* main.m in Sources */ = {isa = PBXBuildFile; fileRef = 9242A5641A82A136005AA4B3 /* main.m */; };
		9242A5671A82A136005AA4B3 /* Images.xcassets in Resources */ = {isa = PBXBuildFile; fileRef = 9242A5661A82A136005AA4B3 /* Images.xcassets */; };
		9242A56A1A82A136005AA4B3 /* MainMenu.xib in Resources */ = {isa = PBXBuildFile; fileRef = 9242A5681A82A136005AA4B3 /* MainMenu.xib */; };
		9242A5841A82A189005AA4B3 /* ViewController.m in Sources */ = {isa = PBXBuildFile; fileRef = 9242A5831A82A189005AA4B3 /* ViewController.m */; };
		9242A5871A82A1A1005AA4B3 /* ItsycalWindow.m in Sources */ = {isa = PBXBuildFile; fileRef = 9242A5861A82A1A1005AA4B3 /* ItsycalWindow.m */; };
		9242A5901A82A40B005AA4B3 /* MoDate.m in Sources */ = {isa = PBXBuildFile; fileRef = 9242A5891A82A40B005AA4B3 /* MoDate.m */; };
		9242A5911A82A40B005AA4B3 /* MoCalCell.m in Sources */ = {isa = PBXBuildFile; fileRef = 9242A58B1A82A40B005AA4B3 /* MoCalCell.m */; };
		9242A5921A82A40B005AA4B3 /* MoCalGrid.m in Sources */ = {isa = PBXBuildFile; fileRef = 9242A58D1A82A40B005AA4B3 /* MoCalGrid.m */; };
		9242A5931A82A40B005AA4B3 /* MoCalendar.m in Sources */ = {isa = PBXBuildFile; fileRef = 9242A58F1A82A40B005AA4B3 /* MoCalendar.m */; };
		9242A5961A82BE5E005AA4B3 /* Itsycal.m in Sources */ = {isa = PBXBuildFile; fileRef = 9242A5951A82BE5E005AA4B3 /* Itsycal.m */; };
		925B47181A93B63100E0329A /* MoCalToolTipWC.m in Sources */ = {isa = PBXBuildFile; fileRef = 925B47171A93B63100E0329A /* MoCalToolTipWC.m */; };
		925B471B1A93CD2A00E0329A /* TooltipViewController.m in Sources */ = {isa = PBXBuildFile; fileRef = 925B471A1A93CD2A00E0329A /* TooltipViewController.m */; };
		92658E621A9DBD8E002AE86C /* EventViewController.m in Sources */ = {isa = PBXBuildFile; fileRef = 92658E611A9DBD8E002AE86C /* EventViewController.m */; };
		9278CADB1A990462004B6BB9 /* MoTableView.m in Sources */ = {isa = PBXBuildFile; fileRef = 9278CADA1A990462004B6BB9 /* MoTableView.m */; };
		92B3C0431AA7EF43008A5C05 /* MoView.m in Sources */ = {isa = PBXBuildFile; fileRef = 92B3C0421AA7EF43008A5C05 /* MoView.m */; };
		92C2F3141D3811E1009048D9 /* VarelaRoundNeo-Bold.otf in CopyFiles */ = {isa = PBXBuildFile; fileRef = 92C2F3101D380FC2009048D9 /* VarelaRoundNeo-Bold.otf */; };
		92C2F3151D3811E4009048D9 /* VarelaRoundNeo-Regular.otf in CopyFiles */ = {isa = PBXBuildFile; fileRef = 92C2F3111D380FC2009048D9 /* VarelaRoundNeo-Regular.otf */; };
		92CDDE7B1A955D7F00D7675C /* AgendaViewController.m in Sources */ = {isa = PBXBuildFile; fileRef = 92CDDE7A1A955D7F00D7675C /* AgendaViewController.m */; };
/* End PBXBuildFile section */

/* Begin PBXContainerItemProxy section */
		921CD18B1A897C04007B60C0 /* PBXContainerItemProxy */ = {
			isa = PBXContainerItemProxy;
			containerPortal = 9242A5541A82A136005AA4B3 /* Project object */;
			proxyType = 1;
			remoteGlobalIDString = 921CD16A1A893420007B60C0;
			remoteInfo = MoonExtra;
		};
/* End PBXContainerItemProxy section */

/* Begin PBXCopyFilesBuildPhase section */
		9252DF361AFD3557007B079F /* CopyFiles */ = {
			isa = PBXCopyFilesBuildPhase;
			buildActionMask = 2147483647;
			dstPath = "";
			dstSubfolderSpec = 10;
			files = (
				923E78E01D385D480012979B /* Sparkle.framework in CopyFiles */,
				923E78E11D385D4F0012979B /* MASShortcut.framework in CopyFiles */,
			);
			runOnlyForDeploymentPostprocessing = 0;
		};
		927144FF1A8DF1AE00745411 /* CopyFiles */ = {
			isa = PBXCopyFilesBuildPhase;
			buildActionMask = 2147483647;
			dstPath = Fonts;
			dstSubfolderSpec = 7;
			files = (
				92C2F3141D3811E1009048D9 /* VarelaRoundNeo-Bold.otf in CopyFiles */,
				92C2F3151D3811E4009048D9 /* VarelaRoundNeo-Regular.otf in CopyFiles */,
			);
			runOnlyForDeploymentPostprocessing = 0;
		};
/* End PBXCopyFilesBuildPhase section */

/* Begin PBXFileReference section */
		9200F0161A940BF800CA36A9 /* de */ = {isa = PBXFileReference; lastKnownFileType = text.plist.strings; name = de; path = de.lproj/InfoPlist.strings; sourceTree = "<group>"; };
		9200F0181A940C0800CA36A9 /* es */ = {isa = PBXFileReference; lastKnownFileType = text.plist.strings; name = es; path = es.lproj/InfoPlist.strings; sourceTree = "<group>"; };
		9200F0191A940C1700CA36A9 /* fr */ = {isa = PBXFileReference; lastKnownFileType = text.plist.strings; name = fr; path = fr.lproj/InfoPlist.strings; sourceTree = "<group>"; };
		9200F01A1A940C2100CA36A9 /* it */ = {isa = PBXFileReference; lastKnownFileType = text.plist.strings; name = it; path = it.lproj/InfoPlist.strings; sourceTree = "<group>"; };
		9219CC251A8990F700B6E159 /* MenuCracker.menu */ = {isa = PBXFileReference; lastKnownFileType = wrapper; path = MenuCracker.menu; sourceTree = "<group>"; };
		921CD16B1A893420007B60C0 /* ItsycalExtra.menu */ = {isa = PBXFileReference; explicitFileType = wrapper.cfbundle; includeInIndex = 0; path = ItsycalExtra.menu; sourceTree = BUILT_PRODUCTS_DIR; };
		921CD16E1A893420007B60C0 /* Info.plist */ = {isa = PBXFileReference; lastKnownFileType = text.plist.xml; path = Info.plist; sourceTree = "<group>"; };
		921CD1721A8934DC007B60C0 /* SystemUIPlugin.framework */ = {isa = PBXFileReference; lastKnownFileType = wrapper.framework; name = SystemUIPlugin.framework; path = /System/Library/PrivateFrameworks/SystemUIPlugin.framework; sourceTree = "<absolute>"; };
		921CD1741A89351E007B60C0 /* NSMenuExtra.h */ = {isa = PBXFileReference; fileEncoding = 4; lastKnownFileType = sourcecode.c.h; path = NSMenuExtra.h; sourceTree = "<group>"; };
		921CD1751A89355B007B60C0 /* ItsycalExtra.h */ = {isa = PBXFileReference; fileEncoding = 4; lastKnownFileType = sourcecode.c.h; path = ItsycalExtra.h; sourceTree = "<group>"; };
		921CD1761A89355B007B60C0 /* ItsycalExtra.m */ = {isa = PBXFileReference; fileEncoding = 4; lastKnownFileType = sourcecode.c.objc; path = ItsycalExtra.m; sourceTree = "<group>"; };
		921CD1811A894A45007B60C0 /* NSMenuExtraView.h */ = {isa = PBXFileReference; fileEncoding = 4; lastKnownFileType = sourcecode.c.h; path = NSMenuExtraView.h; sourceTree = "<group>"; };
		921CD1851A8979F8007B60C0 /* en */ = {isa = PBXFileReference; lastKnownFileType = text.plist.strings; name = en; path = en.lproj/Localizable.strings; sourceTree = "<group>"; };
		921CD1871A897A00007B60C0 /* fr */ = {isa = PBXFileReference; lastKnownFileType = text.plist.strings; name = fr; path = fr.lproj/Localizable.strings; sourceTree = "<group>"; };
		921CD1881A897A01007B60C0 /* es */ = {isa = PBXFileReference; lastKnownFileType = text.plist.strings; name = es; path = es.lproj/Localizable.strings; sourceTree = "<group>"; };
		921CD1891A897A02007B60C0 /* it */ = {isa = PBXFileReference; lastKnownFileType = text.plist.strings; name = it; path = it.lproj/Localizable.strings; sourceTree = "<group>"; };
		921CD18A1A897A03007B60C0 /* de */ = {isa = PBXFileReference; lastKnownFileType = text.plist.strings; name = de; path = de.lproj/Localizable.strings; sourceTree = "<group>"; };
		922232CB1A8DF672003BFAD9 /* EventCenter.h */ = {isa = PBXFileReference; fileEncoding = 4; lastKnownFileType = sourcecode.c.h; path = EventCenter.h; sourceTree = "<group>"; };
		922232CC1A8DF672003BFAD9 /* EventCenter.m */ = {isa = PBXFileReference; fileEncoding = 4; lastKnownFileType = sourcecode.c.objc; path = EventCenter.m; sourceTree = "<group>"; };
		9224B0731A8BE75500D63030 /* MoButton.h */ = {isa = PBXFileReference; fileEncoding = 4; lastKnownFileType = sourcecode.c.h; path = MoButton.h; sourceTree = "<group>"; };
		9224B0741A8BE75500D63030 /* MoButton.m */ = {isa = PBXFileReference; fileEncoding = 4; lastKnownFileType = sourcecode.c.objc; path = MoButton.m; sourceTree = "<group>"; };
		922B6B911A856A7D00DEA9CD /* SBCalendar.h */ = {isa = PBXFileReference; fileEncoding = 4; lastKnownFileType = sourcecode.c.h; path = SBCalendar.h; sourceTree = "<group>"; };
		922B6BB61A85CC7800DEA9CD /* PrefsViewController.h */ = {isa = PBXFileReference; fileEncoding = 4; lastKnownFileType = sourcecode.c.h; path = PrefsViewController.h; sourceTree = "<group>"; };
		922B6BB71A85CC7800DEA9CD /* PrefsViewController.m */ = {isa = PBXFileReference; fileEncoding = 4; lastKnownFileType = sourcecode.c.objc; path = PrefsViewController.m; sourceTree = "<group>"; };
		922B6BB91A85E0EC00DEA9CD /* MoTextField.h */ = {isa = PBXFileReference; fileEncoding = 4; lastKnownFileType = sourcecode.c.h; path = MoTextField.h; sourceTree = "<group>"; };
		922B6BBA1A85E0EC00DEA9CD /* MoTextField.m */ = {isa = PBXFileReference; fileEncoding = 4; lastKnownFileType = sourcecode.c.objc; path = MoTextField.m; sourceTree = "<group>"; };
		922B6BBF1A87EDBD00DEA9CD /* de */ = {isa = PBXFileReference; lastKnownFileType = text.plist.strings; name = de; path = de.lproj/Localizable.strings; sourceTree = "<group>"; };
		922B6BC51A87EDBE00DEA9CD /* de */ = {isa = PBXFileReference; lastKnownFileType = text.plist.strings; name = de; path = de.lproj/InfoPlist.strings; sourceTree = "<group>"; };
		922B6BCC1A87FFF700DEA9CD /* de */ = {isa = PBXFileReference; lastKnownFileType = text.plist.strings; name = de; path = de.lproj/MainMenu.strings; sourceTree = "<group>"; };
		922B6BD21A881DBF00DEA9CD /* fr */ = {isa = PBXFileReference; lastKnownFileType = text.plist.strings; name = fr; path = fr.lproj/Localizable.strings; sourceTree = "<group>"; };
		922B6BD31A8821A200DEA9CD /* fr */ = {isa = PBXFileReference; lastKnownFileType = text.plist.strings; name = fr; path = fr.lproj/InfoPlist.strings; sourceTree = "<group>"; };
		922B6BD41A8821A300DEA9CD /* fr */ = {isa = PBXFileReference; lastKnownFileType = text.plist.strings; name = fr; path = fr.lproj/MainMenu.strings; sourceTree = "<group>"; };
		922B6BD51A88359800DEA9CD /* es */ = {isa = PBXFileReference; lastKnownFileType = text.plist.strings; name = es; path = es.lproj/MainMenu.strings; sourceTree = "<group>"; };
		922B6BD61A88359800DEA9CD /* es */ = {isa = PBXFileReference; lastKnownFileType = text.plist.strings; name = es; path = es.lproj/InfoPlist.strings; sourceTree = "<group>"; };
		922B6BD71A88359800DEA9CD /* es */ = {isa = PBXFileReference; lastKnownFileType = text.plist.strings; name = es; path = es.lproj/Localizable.strings; sourceTree = "<group>"; };
		922B6BDB1A88667700DEA9CD /* it */ = {isa = PBXFileReference; lastKnownFileType = text.plist.strings; name = it; path = it.lproj/Localizable.strings; sourceTree = "<group>"; };
		922B6BDC1A886C6900DEA9CD /* it */ = {isa = PBXFileReference; lastKnownFileType = text.plist.strings; name = it; path = it.lproj/InfoPlist.strings; sourceTree = "<group>"; };
		922B6BDD1A886C6900DEA9CD /* it */ = {isa = PBXFileReference; lastKnownFileType = text.plist.strings; name = it; path = it.lproj/MainMenu.strings; sourceTree = "<group>"; };
		923E78DC1D385CF60012979B /* MASShortcut.framework */ = {isa = PBXFileReference; lastKnownFileType = wrapper.framework; name = MASShortcut.framework; path = _frameworks/MASShortcut.framework; sourceTree = "<group>"; };
		923E78DD1D385CF60012979B /* Sparkle.framework */ = {isa = PBXFileReference; lastKnownFileType = wrapper.framework; name = Sparkle.framework; path = _frameworks/Sparkle.framework; sourceTree = "<group>"; };
		9242A55C1A82A136005AA4B3 /* Itsycal.app */ = {isa = PBXFileReference; explicitFileType = wrapper.application; includeInIndex = 0; path = Itsycal.app; sourceTree = BUILT_PRODUCTS_DIR; };
		9242A5601A82A136005AA4B3 /* Info.plist */ = {isa = PBXFileReference; lastKnownFileType = text.plist.xml; path = Info.plist; sourceTree = "<group>"; };
		9242A5611A82A136005AA4B3 /* AppDelegate.h */ = {isa = PBXFileReference; lastKnownFileType = sourcecode.c.h; path = AppDelegate.h; sourceTree = "<group>"; };
		9242A5621A82A136005AA4B3 /* AppDelegate.m */ = {isa = PBXFileReference; lastKnownFileType = sourcecode.c.objc; path = AppDelegate.m; sourceTree = "<group>"; };
		9242A5641A82A136005AA4B3 /* main.m */ = {isa = PBXFileReference; lastKnownFileType = sourcecode.c.objc; path = main.m; sourceTree = "<group>"; };
		9242A5661A82A136005AA4B3 /* Images.xcassets */ = {isa = PBXFileReference; lastKnownFileType = folder.assetcatalog; path = Images.xcassets; sourceTree = "<group>"; };
		9242A5691A82A136005AA4B3 /* Base */ = {isa = PBXFileReference; lastKnownFileType = file.xib; name = Base; path = Base.lproj/MainMenu.xib; sourceTree = "<group>"; };
		9242A5821A82A189005AA4B3 /* ViewController.h */ = {isa = PBXFileReference; fileEncoding = 4; lastKnownFileType = sourcecode.c.h; path = ViewController.h; sourceTree = "<group>"; };
		9242A5831A82A189005AA4B3 /* ViewController.m */ = {isa = PBXFileReference; fileEncoding = 4; lastKnownFileType = sourcecode.c.objc; path = ViewController.m; sourceTree = "<group>"; };
		9242A5851A82A1A1005AA4B3 /* ItsycalWindow.h */ = {isa = PBXFileReference; fileEncoding = 4; lastKnownFileType = sourcecode.c.h; path = ItsycalWindow.h; sourceTree = "<group>"; };
		9242A5861A82A1A1005AA4B3 /* ItsycalWindow.m */ = {isa = PBXFileReference; fileEncoding = 4; lastKnownFileType = sourcecode.c.objc; path = ItsycalWindow.m; sourceTree = "<group>"; };
		9242A5881A82A40B005AA4B3 /* MoDate.h */ = {isa = PBXFileReference; fileEncoding = 4; lastKnownFileType = sourcecode.c.h; path = MoDate.h; sourceTree = "<group>"; };
		9242A5891A82A40B005AA4B3 /* MoDate.m */ = {isa = PBXFileReference; fileEncoding = 4; lastKnownFileType = sourcecode.c.objc; path = MoDate.m; sourceTree = "<group>"; };
		9242A58A1A82A40B005AA4B3 /* MoCalCell.h */ = {isa = PBXFileReference; fileEncoding = 4; lastKnownFileType = sourcecode.c.h; path = MoCalCell.h; sourceTree = "<group>"; };
		9242A58B1A82A40B005AA4B3 /* MoCalCell.m */ = {isa = PBXFileReference; fileEncoding = 4; lastKnownFileType = sourcecode.c.objc; path = MoCalCell.m; sourceTree = "<group>"; };
		9242A58C1A82A40B005AA4B3 /* MoCalGrid.h */ = {isa = PBXFileReference; fileEncoding = 4; lastKnownFileType = sourcecode.c.h; path = MoCalGrid.h; sourceTree = "<group>"; };
		9242A58D1A82A40B005AA4B3 /* MoCalGrid.m */ = {isa = PBXFileReference; fileEncoding = 4; lastKnownFileType = sourcecode.c.objc; path = MoCalGrid.m; sourceTree = "<group>"; };
		9242A58E1A82A40B005AA4B3 /* MoCalendar.h */ = {isa = PBXFileReference; fileEncoding = 4; lastKnownFileType = sourcecode.c.h; path = MoCalendar.h; sourceTree = "<group>"; };
		9242A58F1A82A40B005AA4B3 /* MoCalendar.m */ = {isa = PBXFileReference; fileEncoding = 4; lastKnownFileType = sourcecode.c.objc; path = MoCalendar.m; sourceTree = "<group>"; };
		9242A5941A82BE5E005AA4B3 /* Itsycal.h */ = {isa = PBXFileReference; fileEncoding = 4; lastKnownFileType = sourcecode.c.h; path = Itsycal.h; sourceTree = "<group>"; };
		9242A5951A82BE5E005AA4B3 /* Itsycal.m */ = {isa = PBXFileReference; fileEncoding = 4; lastKnownFileType = sourcecode.c.objc; path = Itsycal.m; sourceTree = "<group>"; };
		925B47161A93B63100E0329A /* MoCalToolTipWC.h */ = {isa = PBXFileReference; fileEncoding = 4; lastKnownFileType = sourcecode.c.h; path = MoCalToolTipWC.h; sourceTree = "<group>"; };
		925B47171A93B63100E0329A /* MoCalToolTipWC.m */ = {isa = PBXFileReference; fileEncoding = 4; lastKnownFileType = sourcecode.c.objc; path = MoCalToolTipWC.m; sourceTree = "<group>"; };
		925B47191A93CD2A00E0329A /* TooltipViewController.h */ = {isa = PBXFileReference; fileEncoding = 4; lastKnownFileType = sourcecode.c.h; path = TooltipViewController.h; sourceTree = "<group>"; };
		925B471A1A93CD2A00E0329A /* TooltipViewController.m */ = {isa = PBXFileReference; fileEncoding = 4; lastKnownFileType = sourcecode.c.objc; path = TooltipViewController.m; sourceTree = "<group>"; };
		925B471D1A93E3D800E0329A /* MoCalTooltipProvider.h */ = {isa = PBXFileReference; fileEncoding = 4; lastKnownFileType = sourcecode.c.h; path = MoCalTooltipProvider.h; sourceTree = "<group>"; };
		92658E601A9DBD8E002AE86C /* EventViewController.h */ = {isa = PBXFileReference; fileEncoding = 4; lastKnownFileType = sourcecode.c.h; path = EventViewController.h; sourceTree = "<group>"; };
		92658E611A9DBD8E002AE86C /* EventViewController.m */ = {isa = PBXFileReference; fileEncoding = 4; lastKnownFileType = sourcecode.c.objc; path = EventViewController.m; sourceTree = "<group>"; };
		9278CAD91A990462004B6BB9 /* MoTableView.h */ = {isa = PBXFileReference; fileEncoding = 4; lastKnownFileType = sourcecode.c.h; path = MoTableView.h; sourceTree = "<group>"; };
		9278CADA1A990462004B6BB9 /* MoTableView.m */ = {isa = PBXFileReference; fileEncoding = 4; lastKnownFileType = sourcecode.c.objc; path = MoTableView.m; sourceTree = "<group>"; };
		92B3C0411AA7EF43008A5C05 /* MoView.h */ = {isa = PBXFileReference; fileEncoding = 4; lastKnownFileType = sourcecode.c.h; path = MoView.h; sourceTree = "<group>"; };
		92B3C0421AA7EF43008A5C05 /* MoView.m */ = {isa = PBXFileReference; fileEncoding = 4; lastKnownFileType = sourcecode.c.objc; path = MoView.m; sourceTree = "<group>"; };
		92C2F3101D380FC2009048D9 /* VarelaRoundNeo-Bold.otf */ = {isa = PBXFileReference; lastKnownFileType = file; name = "VarelaRoundNeo-Bold.otf"; path = "_fonts/VarelaRoundNeo-Bold.otf"; sourceTree = "<group>"; };
		92C2F3111D380FC2009048D9 /* VarelaRoundNeo-Regular.otf */ = {isa = PBXFileReference; lastKnownFileType = file; name = "VarelaRoundNeo-Regular.otf"; path = "_fonts/VarelaRoundNeo-Regular.otf"; sourceTree = "<group>"; };
		92CDDE791A955D7F00D7675C /* AgendaViewController.h */ = {isa = PBXFileReference; fileEncoding = 4; lastKnownFileType = sourcecode.c.h; path = AgendaViewController.h; sourceTree = "<group>"; };
		92CDDE7A1A955D7F00D7675C /* AgendaViewController.m */ = {isa = PBXFileReference; fileEncoding = 4; lastKnownFileType = sourcecode.c.objc; path = AgendaViewController.m; sourceTree = "<group>"; };
/* End PBXFileReference section */

/* Begin PBXFrameworksBuildPhase section */
		921CD1681A893420007B60C0 /* Frameworks */ = {
			isa = PBXFrameworksBuildPhase;
			buildActionMask = 2147483647;
			files = (
				921CD1731A8934DC007B60C0 /* SystemUIPlugin.framework in Frameworks */,
			);
			runOnlyForDeploymentPostprocessing = 0;
		};
		9242A5591A82A136005AA4B3 /* Frameworks */ = {
			isa = PBXFrameworksBuildPhase;
			buildActionMask = 2147483647;
			files = (
				923E78E21D385FD80012979B /* MASShortcut.framework in Frameworks */,
				923E78E31D385FDB0012979B /* Sparkle.framework in Frameworks */,
			);
			runOnlyForDeploymentPostprocessing = 0;
		};
/* End PBXFrameworksBuildPhase section */

/* Begin PBXGroup section */
		9219CC241A8990F700B6E159 /* MenuCracker */ = {
			isa = PBXGroup;
			children = (
				9219CC251A8990F700B6E159 /* MenuCracker.menu */,
			);
			name = MenuCracker;
			path = _menucracker;
			sourceTree = "<group>";
		};
		921CD16C1A893420007B60C0 /* ItsycalExtra */ = {
			isa = PBXGroup;
			children = (
				921CD16D1A893420007B60C0 /* Supporting Files */,
				921CD1751A89355B007B60C0 /* ItsycalExtra.h */,
				921CD1761A89355B007B60C0 /* ItsycalExtra.m */,
			);
			path = ItsycalExtra;
			sourceTree = "<group>";
		};
		921CD16D1A893420007B60C0 /* Supporting Files */ = {
			isa = PBXGroup;
			children = (
				9200F0171A940BF800CA36A9 /* InfoPlist.strings */,
				921CD1721A8934DC007B60C0 /* SystemUIPlugin.framework */,
				921CD1861A8979F8007B60C0 /* Localizable.strings */,
				921CD16E1A893420007B60C0 /* Info.plist */,
				921CD1741A89351E007B60C0 /* NSMenuExtra.h */,
				921CD1811A894A45007B60C0 /* NSMenuExtraView.h */,
			);
			name = "Supporting Files";
			sourceTree = "<group>";
		};
		923E78DB1D385CD80012979B /* Frameworks */ = {
			isa = PBXGroup;
			children = (
				923E78DC1D385CF60012979B /* MASShortcut.framework */,
				923E78DD1D385CF60012979B /* Sparkle.framework */,
			);
			name = Frameworks;
			sourceTree = "<group>";
		};
		9242A5531A82A136005AA4B3 = {
			isa = PBXGroup;
			children = (
				9242A55E1A82A136005AA4B3 /* Itsycal */,
				921CD16C1A893420007B60C0 /* ItsycalExtra */,
				9242A55D1A82A136005AA4B3 /* Products */,
			);
			sourceTree = "<group>";
		};
		9242A55D1A82A136005AA4B3 /* Products */ = {
			isa = PBXGroup;
			children = (
				9242A55C1A82A136005AA4B3 /* Itsycal.app */,
				921CD16B1A893420007B60C0 /* ItsycalExtra.menu */,
			);
			name = Products;
			sourceTree = "<group>";
		};
		9242A55E1A82A136005AA4B3 /* Itsycal */ = {
			isa = PBXGroup;
			children = (
				923E78DB1D385CD80012979B /* Frameworks */,
				9219CC241A8990F700B6E159 /* MenuCracker */,
				927145041A8DF20000745411 /* Fonts */,
				9242A55F1A82A136005AA4B3 /* Supporting Files */,
				9242A5661A82A136005AA4B3 /* Images.xcassets */,
				9242A5681A82A136005AA4B3 /* MainMenu.xib */,
				922B6B911A856A7D00DEA9CD /* SBCalendar.h */,
				9242A5611A82A136005AA4B3 /* AppDelegate.h */,
				9242A5621A82A136005AA4B3 /* AppDelegate.m */,
				9242A5941A82BE5E005AA4B3 /* Itsycal.h */,
				9242A5951A82BE5E005AA4B3 /* Itsycal.m */,
				9242A5821A82A189005AA4B3 /* ViewController.h */,
				9242A5831A82A189005AA4B3 /* ViewController.m */,
				9242A5851A82A1A1005AA4B3 /* ItsycalWindow.h */,
				9242A5861A82A1A1005AA4B3 /* ItsycalWindow.m */,
				92CDDE7C1A97FFE700D7675C /* MoCode */,
				922B6BB61A85CC7800DEA9CD /* PrefsViewController.h */,
				922B6BB71A85CC7800DEA9CD /* PrefsViewController.m */,
				922232CB1A8DF672003BFAD9 /* EventCenter.h */,
				922232CC1A8DF672003BFAD9 /* EventCenter.m */,
				92CDDE791A955D7F00D7675C /* AgendaViewController.h */,
				92CDDE7A1A955D7F00D7675C /* AgendaViewController.m */,
				925B47191A93CD2A00E0329A /* TooltipViewController.h */,
				925B471A1A93CD2A00E0329A /* TooltipViewController.m */,
				92658E601A9DBD8E002AE86C /* EventViewController.h */,
				92658E611A9DBD8E002AE86C /* EventViewController.m */,
			);
			path = Itsycal;
			sourceTree = "<group>";
		};
		9242A55F1A82A136005AA4B3 /* Supporting Files */ = {
			isa = PBXGroup;
			children = (
				922B6BC61A87EDBE00DEA9CD /* InfoPlist.strings */,
				922B6BC01A87EDBD00DEA9CD /* Localizable.strings */,
				9242A5601A82A136005AA4B3 /* Info.plist */,
				9242A5641A82A136005AA4B3 /* main.m */,
			);
			name = "Supporting Files";
			sourceTree = "<group>";
		};
		9242A5971A832D7A005AA4B3 /* MoCalendar */ = {
			isa = PBXGroup;
			children = (
				9242A58A1A82A40B005AA4B3 /* MoCalCell.h */,
				9242A58B1A82A40B005AA4B3 /* MoCalCell.m */,
				9242A58C1A82A40B005AA4B3 /* MoCalGrid.h */,
				9242A58D1A82A40B005AA4B3 /* MoCalGrid.m */,
				9242A58E1A82A40B005AA4B3 /* MoCalendar.h */,
				9242A58F1A82A40B005AA4B3 /* MoCalendar.m */,
				925B471D1A93E3D800E0329A /* MoCalTooltipProvider.h */,
				925B47161A93B63100E0329A /* MoCalToolTipWC.h */,
				925B47171A93B63100E0329A /* MoCalToolTipWC.m */,
			);
			name = MoCalendar;
			sourceTree = "<group>";
		};
		927145041A8DF20000745411 /* Fonts */ = {
			isa = PBXGroup;
			children = (
				92C2F3101D380FC2009048D9 /* VarelaRoundNeo-Bold.otf */,
				92C2F3111D380FC2009048D9 /* VarelaRoundNeo-Regular.otf */,
			);
			name = Fonts;
			sourceTree = "<group>";
		};
		92CDDE7C1A97FFE700D7675C /* MoCode */ = {
			isa = PBXGroup;
			children = (
				9242A5971A832D7A005AA4B3 /* MoCalendar */,
				9242A5881A82A40B005AA4B3 /* MoDate.h */,
				9242A5891A82A40B005AA4B3 /* MoDate.m */,
				922B6BB91A85E0EC00DEA9CD /* MoTextField.h */,
				922B6BBA1A85E0EC00DEA9CD /* MoTextField.m */,
				9224B0731A8BE75500D63030 /* MoButton.h */,
				9224B0741A8BE75500D63030 /* MoButton.m */,
				9278CAD91A990462004B6BB9 /* MoTableView.h */,
				9278CADA1A990462004B6BB9 /* MoTableView.m */,
				92B3C0411AA7EF43008A5C05 /* MoView.h */,
				92B3C0421AA7EF43008A5C05 /* MoView.m */,
			);
			name = MoCode;
			sourceTree = "<group>";
		};
/* End PBXGroup section */

/* Begin PBXNativeTarget section */
		921CD16A1A893420007B60C0 /* ItsycalExtra */ = {
			isa = PBXNativeTarget;
			buildConfigurationList = 921CD1711A893420007B60C0 /* Build configuration list for PBXNativeTarget "ItsycalExtra" */;
			buildPhases = (
				921CD1671A893420007B60C0 /* Sources */,
				921CD1681A893420007B60C0 /* Frameworks */,
				921CD1691A893420007B60C0 /* Resources */,
			);
			buildRules = (
			);
			dependencies = (
			);
			name = ItsycalExtra;
			productName = MoonExtra;
			productReference = 921CD16B1A893420007B60C0 /* ItsycalExtra.menu */;
			productType = "com.apple.product-type.bundle";
		};
		9242A55B1A82A136005AA4B3 /* Itsycal */ = {
			isa = PBXNativeTarget;
			buildConfigurationList = 9242A5791A82A136005AA4B3 /* Build configuration list for PBXNativeTarget "Itsycal" */;
			buildPhases = (
				9242A5581A82A136005AA4B3 /* Sources */,
				9242A5591A82A136005AA4B3 /* Frameworks */,
				9242A55A1A82A136005AA4B3 /* Resources */,
				927144FF1A8DF1AE00745411 /* CopyFiles */,
				9252DF361AFD3557007B079F /* CopyFiles */,
			);
			buildRules = (
			);
			dependencies = (
				921CD18C1A897C04007B60C0 /* PBXTargetDependency */,
			);
			name = Itsycal;
			productName = Moon;
			productReference = 9242A55C1A82A136005AA4B3 /* Itsycal.app */;
			productType = "com.apple.product-type.application";
		};
/* End PBXNativeTarget section */

/* Begin PBXProject section */
		9242A5541A82A136005AA4B3 /* Project object */ = {
			isa = PBXProject;
			attributes = {
				LastUpgradeCheck = 0700;
				ORGANIZATIONNAME = mowglii.com;
				TargetAttributes = {
					921CD16A1A893420007B60C0 = {
						CreatedOnToolsVersion = 6.1.1;
					};
					9242A55B1A82A136005AA4B3 = {
						CreatedOnToolsVersion = 6.1.1;
					};
				};
			};
			buildConfigurationList = 9242A5571A82A136005AA4B3 /* Build configuration list for PBXProject "Itsycal" */;
			compatibilityVersion = "Xcode 3.2";
			developmentRegion = English;
			hasScannedForEncodings = 0;
			knownRegions = (
				en,
				Base,
				fr,
				es,
				it,
				de,
			);
			mainGroup = 9242A5531A82A136005AA4B3;
			productRefGroup = 9242A55D1A82A136005AA4B3 /* Products */;
			projectDirPath = "";
			projectRoot = "";
			targets = (
				9242A55B1A82A136005AA4B3 /* Itsycal */,
				921CD16A1A893420007B60C0 /* ItsycalExtra */,
			);
		};
/* End PBXProject section */

/* Begin PBXResourcesBuildPhase section */
		921CD1691A893420007B60C0 /* Resources */ = {
			isa = PBXResourcesBuildPhase;
			buildActionMask = 2147483647;
			files = (
				9200F0151A940BF800CA36A9 /* InfoPlist.strings in Resources */,
				921CD1841A8979F8007B60C0 /* Localizable.strings in Resources */,
			);
			runOnlyForDeploymentPostprocessing = 0;
		};
		9242A55A1A82A136005AA4B3 /* Resources */ = {
			isa = PBXResourcesBuildPhase;
			buildActionMask = 2147483647;
			files = (
				9222B56D1A899B3500CCAC22 /* ItsycalExtra.menu in Resources */,
				9242A5671A82A136005AA4B3 /* Images.xcassets in Resources */,
				922B6BC41A87EDBE00DEA9CD /* InfoPlist.strings in Resources */,
				922B6BBE1A87EDBD00DEA9CD /* Localizable.strings in Resources */,
				9242A56A1A82A136005AA4B3 /* MainMenu.xib in Resources */,
				9219CC261A8990F700B6E159 /* MenuCracker.menu in Resources */,
			);
			runOnlyForDeploymentPostprocessing = 0;
		};
/* End PBXResourcesBuildPhase section */

/* Begin PBXSourcesBuildPhase section */
		921CD1671A893420007B60C0 /* Sources */ = {
			isa = PBXSourcesBuildPhase;
			buildActionMask = 2147483647;
			files = (
				921CD1771A89355B007B60C0 /* ItsycalExtra.m in Sources */,
				921CD1781A893880007B60C0 /* Itsycal.m in Sources */,
			);
			runOnlyForDeploymentPostprocessing = 0;
		};
		9242A5581A82A136005AA4B3 /* Sources */ = {
			isa = PBXSourcesBuildPhase;
			buildActionMask = 2147483647;
			files = (
				9242A5921A82A40B005AA4B3 /* MoCalGrid.m in Sources */,
				92658E621A9DBD8E002AE86C /* EventViewController.m in Sources */,
				922232CD1A8DF672003BFAD9 /* EventCenter.m in Sources */,
				9242A5651A82A136005AA4B3 /* main.m in Sources */,
				9278CADB1A990462004B6BB9 /* MoTableView.m in Sources */,
				925B47181A93B63100E0329A /* MoCalToolTipWC.m in Sources */,
				9242A5871A82A1A1005AA4B3 /* ItsycalWindow.m in Sources */,
				92CDDE7B1A955D7F00D7675C /* AgendaViewController.m in Sources */,
				922B6BBB1A85E0EC00DEA9CD /* MoTextField.m in Sources */,
				922B6BB81A85CC7800DEA9CD /* PrefsViewController.m in Sources */,
				9242A5901A82A40B005AA4B3 /* MoDate.m in Sources */,
				925B471B1A93CD2A00E0329A /* TooltipViewController.m in Sources */,
				9242A5961A82BE5E005AA4B3 /* Itsycal.m in Sources */,
				9242A5931A82A40B005AA4B3 /* MoCalendar.m in Sources */,
				9242A5911A82A40B005AA4B3 /* MoCalCell.m in Sources */,
				9224B0751A8BE75500D63030 /* MoButton.m in Sources */,
				92B3C0431AA7EF43008A5C05 /* MoView.m in Sources */,
				9242A5841A82A189005AA4B3 /* ViewController.m in Sources */,
				9242A5631A82A136005AA4B3 /* AppDelegate.m in Sources */,
			);
			runOnlyForDeploymentPostprocessing = 0;
		};
/* End PBXSourcesBuildPhase section */

/* Begin PBXTargetDependency section */
		921CD18C1A897C04007B60C0 /* PBXTargetDependency */ = {
			isa = PBXTargetDependency;
			target = 921CD16A1A893420007B60C0 /* ItsycalExtra */;
			targetProxy = 921CD18B1A897C04007B60C0 /* PBXContainerItemProxy */;
		};
/* End PBXTargetDependency section */

/* Begin PBXVariantGroup section */
		9200F0171A940BF800CA36A9 /* InfoPlist.strings */ = {
			isa = PBXVariantGroup;
			children = (
				9200F0161A940BF800CA36A9 /* de */,
				9200F0181A940C0800CA36A9 /* es */,
				9200F0191A940C1700CA36A9 /* fr */,
				9200F01A1A940C2100CA36A9 /* it */,
			);
			name = InfoPlist.strings;
			sourceTree = "<group>";
		};
		921CD1861A8979F8007B60C0 /* Localizable.strings */ = {
			isa = PBXVariantGroup;
			children = (
				921CD1851A8979F8007B60C0 /* en */,
				921CD1871A897A00007B60C0 /* fr */,
				921CD1881A897A01007B60C0 /* es */,
				921CD1891A897A02007B60C0 /* it */,
				921CD18A1A897A03007B60C0 /* de */,
			);
			name = Localizable.strings;
			sourceTree = "<group>";
		};
		922B6BC01A87EDBD00DEA9CD /* Localizable.strings */ = {
			isa = PBXVariantGroup;
			children = (
				922B6BBF1A87EDBD00DEA9CD /* de */,
				922B6BD21A881DBF00DEA9CD /* fr */,
				922B6BD71A88359800DEA9CD /* es */,
				922B6BDB1A88667700DEA9CD /* it */,
			);
			name = Localizable.strings;
			sourceTree = "<group>";
		};
		922B6BC61A87EDBE00DEA9CD /* InfoPlist.strings */ = {
			isa = PBXVariantGroup;
			children = (
				922B6BC51A87EDBE00DEA9CD /* de */,
				922B6BD31A8821A200DEA9CD /* fr */,
				922B6BD61A88359800DEA9CD /* es */,
				922B6BDC1A886C6900DEA9CD /* it */,
			);
			name = InfoPlist.strings;
			sourceTree = "<group>";
		};
		9242A5681A82A136005AA4B3 /* MainMenu.xib */ = {
			isa = PBXVariantGroup;
			children = (
				9242A5691A82A136005AA4B3 /* Base */,
				922B6BCC1A87FFF700DEA9CD /* de */,
				922B6BD41A8821A300DEA9CD /* fr */,
				922B6BD51A88359800DEA9CD /* es */,
				922B6BDD1A886C6900DEA9CD /* it */,
			);
			name = MainMenu.xib;
			sourceTree = "<group>";
		};
/* End PBXVariantGroup section */

/* Begin XCBuildConfiguration section */
		921CD16F1A893420007B60C0 /* Debug */ = {
			isa = XCBuildConfiguration;
			buildSettings = {
				COMBINE_HIDPI_IMAGES = YES;
				FRAMEWORK_SEARCH_PATHS = (
					"$(inherited)",
					"$(SYSTEM_LIBRARY_DIR)/PrivateFrameworks",
				);
				GCC_PREPROCESSOR_DEFINITIONS = (
					"DEBUG=1",
					"$(inherited)",
				);
				INFOPLIST_FILE = ItsycalExtra/Info.plist;
				INSTALL_PATH = "$(LOCAL_LIBRARY_DIR)/Bundles";
				PRODUCT_BUNDLE_IDENTIFIER = "com.mowglii.$(PRODUCT_NAME:rfc1034identifier)";
				PRODUCT_NAME = "$(TARGET_NAME)";
				SKIP_INSTALL = YES;
				WRAPPER_EXTENSION = menu;
			};
			name = Debug;
		};
		921CD1701A893420007B60C0 /* Release */ = {
			isa = XCBuildConfiguration;
			buildSettings = {
				COMBINE_HIDPI_IMAGES = YES;
				FRAMEWORK_SEARCH_PATHS = (
					"$(inherited)",
					"$(SYSTEM_LIBRARY_DIR)/PrivateFrameworks",
				);
				INFOPLIST_FILE = ItsycalExtra/Info.plist;
				INSTALL_PATH = "$(LOCAL_LIBRARY_DIR)/Bundles";
				PRODUCT_BUNDLE_IDENTIFIER = "com.mowglii.$(PRODUCT_NAME:rfc1034identifier)";
				PRODUCT_NAME = "$(TARGET_NAME)";
				SKIP_INSTALL = YES;
				WRAPPER_EXTENSION = menu;
			};
			name = Release;
		};
		9242A5771A82A136005AA4B3 /* Debug */ = {
			isa = XCBuildConfiguration;
			buildSettings = {
				ALWAYS_SEARCH_USER_PATHS = NO;
				CLANG_CXX_LANGUAGE_STANDARD = "gnu++0x";
				CLANG_CXX_LIBRARY = "libc++";
				CLANG_ENABLE_MODULES = YES;
				CLANG_ENABLE_OBJC_ARC = YES;
				CLANG_WARN_BOOL_CONVERSION = YES;
				CLANG_WARN_CONSTANT_CONVERSION = YES;
				CLANG_WARN_DIRECT_OBJC_ISA_USAGE = YES_ERROR;
				CLANG_WARN_EMPTY_BODY = YES;
				CLANG_WARN_ENUM_CONVERSION = YES;
				CLANG_WARN_INT_CONVERSION = YES;
				CLANG_WARN_OBJC_ROOT_CLASS = YES_ERROR;
				CLANG_WARN_UNREACHABLE_CODE = YES;
				CLANG_WARN__DUPLICATE_METHOD_MATCH = YES;
				CODE_SIGN_IDENTITY = "-";
				COPY_PHASE_STRIP = NO;
				ENABLE_STRICT_OBJC_MSGSEND = YES;
				ENABLE_TESTABILITY = YES;
				GCC_C_LANGUAGE_STANDARD = gnu99;
				GCC_DYNAMIC_NO_PIC = NO;
				GCC_OPTIMIZATION_LEVEL = 0;
				GCC_PREPROCESSOR_DEFINITIONS = (
					"DEBUG=1",
					"$(inherited)",
				);
				GCC_SYMBOLS_PRIVATE_EXTERN = NO;
				GCC_WARN_64_TO_32_BIT_CONVERSION = YES;
				GCC_WARN_ABOUT_RETURN_TYPE = YES_ERROR;
				GCC_WARN_UNDECLARED_SELECTOR = YES;
				GCC_WARN_UNINITIALIZED_AUTOS = YES_AGGRESSIVE;
				GCC_WARN_UNUSED_FUNCTION = YES;
				GCC_WARN_UNUSED_VARIABLE = YES;
				MACOSX_DEPLOYMENT_TARGET = 10.10;
				MTL_ENABLE_DEBUG_INFO = YES;
				ONLY_ACTIVE_ARCH = YES;
				SDKROOT = macosx;
			};
			name = Debug;
		};
		9242A5781A82A136005AA4B3 /* Release */ = {
			isa = XCBuildConfiguration;
			buildSettings = {
				ALWAYS_SEARCH_USER_PATHS = NO;
				CLANG_CXX_LANGUAGE_STANDARD = "gnu++0x";
				CLANG_CXX_LIBRARY = "libc++";
				CLANG_ENABLE_MODULES = YES;
				CLANG_ENABLE_OBJC_ARC = YES;
				CLANG_WARN_BOOL_CONVERSION = YES;
				CLANG_WARN_CONSTANT_CONVERSION = YES;
				CLANG_WARN_DIRECT_OBJC_ISA_USAGE = YES_ERROR;
				CLANG_WARN_EMPTY_BODY = YES;
				CLANG_WARN_ENUM_CONVERSION = YES;
				CLANG_WARN_INT_CONVERSION = YES;
				CLANG_WARN_OBJC_ROOT_CLASS = YES_ERROR;
				CLANG_WARN_UNREACHABLE_CODE = YES;
				CLANG_WARN__DUPLICATE_METHOD_MATCH = YES;
				CODE_SIGN_IDENTITY = "-";
				COPY_PHASE_STRIP = YES;
				DEBUG_INFORMATION_FORMAT = "dwarf-with-dsym";
				ENABLE_NS_ASSERTIONS = NO;
				ENABLE_STRICT_OBJC_MSGSEND = YES;
				GCC_C_LANGUAGE_STANDARD = gnu99;
				GCC_WARN_64_TO_32_BIT_CONVERSION = YES;
				GCC_WARN_ABOUT_RETURN_TYPE = YES_ERROR;
				GCC_WARN_UNDECLARED_SELECTOR = YES;
				GCC_WARN_UNINITIALIZED_AUTOS = YES_AGGRESSIVE;
				GCC_WARN_UNUSED_FUNCTION = YES;
				GCC_WARN_UNUSED_VARIABLE = YES;
				MACOSX_DEPLOYMENT_TARGET = 10.10;
				MTL_ENABLE_DEBUG_INFO = NO;
				SDKROOT = macosx;
			};
			name = Release;
		};
		9242A57A1A82A136005AA4B3 /* Debug */ = {
			isa = XCBuildConfiguration;
			buildSettings = {
				ASSETCATALOG_COMPILER_APPICON_NAME = AppIcon;
				CODE_SIGN_IDENTITY = "Developer ID Application";
				COMBINE_HIDPI_IMAGES = YES;
				FRAMEWORK_SEARCH_PATHS = (
					"$(inherited)",
					"$(PROJECT_DIR)/Itsycal/_frameworks",
				);
				INFOPLIST_FILE = Itsycal/Info.plist;
				LD_RUNPATH_SEARCH_PATHS = "$(inherited) @executable_path/../Frameworks";
				OTHER_LDFLAGS = "-Wl,-rpath,@loader_path/../Frameworks";
				PRODUCT_BUNDLE_IDENTIFIER = "com.mowglii.$(PRODUCT_NAME:rfc1034identifier)App";
				PRODUCT_NAME = "$(TARGET_NAME)";
			};
			name = Debug;
		};
		9242A57B1A82A136005AA4B3 /* Release */ = {
			isa = XCBuildConfiguration;
			buildSettings = {
				ASSETCATALOG_COMPILER_APPICON_NAME = AppIcon;
				CODE_SIGN_IDENTITY = "Developer ID Application";
				COMBINE_HIDPI_IMAGES = YES;
				COPY_PHASE_STRIP = NO;
				FRAMEWORK_SEARCH_PATHS = (
					"$(inherited)",
					"$(PROJECT_DIR)/Itsycal/_frameworks",
				);
				INFOPLIST_FILE = Itsycal/Info.plist;
				LD_RUNPATH_SEARCH_PATHS = "$(inherited) @executable_path/../Frameworks";
				OTHER_LDFLAGS = "-Wl,-rpath,@loader_path/../Frameworks";
				PRODUCT_BUNDLE_IDENTIFIER = "com.mowglii.$(PRODUCT_NAME:rfc1034identifier)App";
				PRODUCT_NAME = "$(TARGET_NAME)";
			};
			name = Release;
		};
/* End XCBuildConfiguration section */

/* Begin XCConfigurationList section */
		921CD1711A893420007B60C0 /* Build configuration list for PBXNativeTarget "ItsycalExtra" */ = {
			isa = XCConfigurationList;
			buildConfigurations = (
				921CD16F1A893420007B60C0 /* Debug */,
				921CD1701A893420007B60C0 /* Release */,
			);
			defaultConfigurationIsVisible = 0;
			defaultConfigurationName = Release;
		};
		9242A5571A82A136005AA4B3 /* Build configuration list for PBXProject "Itsycal" */ = {
			isa = XCConfigurationList;
			buildConfigurations = (
				9242A5771A82A136005AA4B3 /* Debug */,
				9242A5781A82A136005AA4B3 /* Release */,
			);
			defaultConfigurationIsVisible = 0;
			defaultConfigurationName = Release;
		};
		9242A5791A82A136005AA4B3 /* Build configuration list for PBXNativeTarget "Itsycal" */ = {
			isa = XCConfigurationList;
			buildConfigurations = (
				9242A57A1A82A136005AA4B3 /* Debug */,
				9242A57B1A82A136005AA4B3 /* Release */,
			);
			defaultConfigurationIsVisible = 0;
			defaultConfigurationName = Release;
		};
/* End XCConfigurationList section */
	};
	rootObject = 9242A5541A82A136005AA4B3 /* Project object */;
}
