// !$*UTF8*$!
{
	archiveVersion = 1;
	classes = {
	};
	objectVersion = 46;
	objects = {

/* Begin PBXBuildFile section */
		920D6D51266A83AC00498E19 /* MoLoginItem.m in Sources */ = {isa = PBXBuildFile; fileRef = 920D6D4F266A83AC00498E19 /* MoLoginItem.m */; };
		921181C722E0192A00591FDA /* Colors.xcassets in Resources */ = {isa = PBXBuildFile; fileRef = 921181C622E0192A00591FDA /* Colors.xcassets */; };
		9215AD4C1E3AECA700317FAE /* MoVFLHelper.m in Sources */ = {isa = PBXBuildFile; fileRef = 9215AD4B1E3AECA700317FAE /* MoVFLHelper.m */; };
		921E62CD1E26B3EA007B029F /* PrefsGeneralVC.m in Sources */ = {isa = PBXBuildFile; fileRef = 921E62C11E26B3EA007B029F /* PrefsGeneralVC.m */; };
		921E62D01E26B9D2007B029F /* PrefsAppearanceVC.m in Sources */ = {isa = PBXBuildFile; fileRef = 921E62CF1E26B9D2007B029F /* PrefsAppearanceVC.m */; };
		921E62D31E26E038007B029F /* PrefsAboutVC.m in Sources */ = {isa = PBXBuildFile; fileRef = 921E62D21E26E038007B029F /* PrefsAboutVC.m */; };
		922232CD1A8DF672003BFAD9 /* EventCenter.m in Sources */ = {isa = PBXBuildFile; fileRef = 922232CC1A8DF672003BFAD9 /* EventCenter.m */; };
		9224B0751A8BE75500D63030 /* MoButton.m in Sources */ = {isa = PBXBuildFile; fileRef = 9224B0741A8BE75500D63030 /* MoButton.m */; };
		922B6BBB1A85E0EC00DEA9CD /* MoTextField.m in Sources */ = {isa = PBXBuildFile; fileRef = 922B6BBA1A85E0EC00DEA9CD /* MoTextField.m */; };
		922B6BBE1A87EDBD00DEA9CD /* Localizable.strings in Resources */ = {isa = PBXBuildFile; fileRef = 922B6BC01A87EDBD00DEA9CD /* Localizable.strings */; };
		922B6BC41A87EDBE00DEA9CD /* InfoPlist.strings in Resources */ = {isa = PBXBuildFile; fileRef = 922B6BC61A87EDBE00DEA9CD /* InfoPlist.strings */; };
		922D9B261DC7A1CA0050AB2F /* MoUtils.m in Sources */ = {isa = PBXBuildFile; fileRef = 922D9B251DC7A1C90050AB2F /* MoUtils.m */; };
		923E78E01D385D480012979B /* Sparkle.framework in CopyFiles */ = {isa = PBXBuildFile; fileRef = 923E78DD1D385CF60012979B /* Sparkle.framework */; settings = {ATTRIBUTES = (CodeSignOnCopy, RemoveHeadersOnCopy, ); }; };
		923E78E11D385D4F0012979B /* MASShortcut.framework in CopyFiles */ = {isa = PBXBuildFile; fileRef = 923E78DC1D385CF60012979B /* MASShortcut.framework */; settings = {ATTRIBUTES = (CodeSignOnCopy, RemoveHeadersOnCopy, ); }; };
		923E78E21D385FD80012979B /* MASShortcut.framework in Frameworks */ = {isa = PBXBuildFile; fileRef = 923E78DC1D385CF60012979B /* MASShortcut.framework */; };
		923E78E31D385FDB0012979B /* Sparkle.framework in Frameworks */ = {isa = PBXBuildFile; fileRef = 923E78DD1D385CF60012979B /* Sparkle.framework */; };
		9242A5631A82A136005AA4B3 /* AppDelegate.m in Sources */ = {isa = PBXBuildFile; fileRef = 9242A5621A82A136005AA4B3 /* AppDelegate.m */; };
		9242A5651A82A136005AA4B3 /* main.m in Sources */ = {isa = PBXBuildFile; fileRef = 9242A5641A82A136005AA4B3 /* main.m */; };
		9242A5671A82A136005AA4B3 /* Images.xcassets in Resources */ = {isa = PBXBuildFile; fileRef = 9242A5661A82A136005AA4B3 /* Images.xcassets */; };
		9242A56A1A82A136005AA4B3 /* MainMenu.xib in Resources */ = {isa = PBXBuildFile; fileRef = 9242A5681A82A136005AA4B3 /* MainMenu.xib */; };
		9242A5841A82A189005AA4B3 /* ViewController.m in Sources */ = {isa = PBXBuildFile; fileRef = 9242A5831A82A189005AA4B3 /* ViewController.m */; };
		9242A5871A82A1A1005AA4B3 /* ItsycalWindow.m in Sources */ = {isa = PBXBuildFile; fileRef = 9242A5861A82A1A1005AA4B3 /* ItsycalWindow.m */; };
		9242A5901A82A40B005AA4B3 /* MoDate.m in Sources */ = {isa = PBXBuildFile; fileRef = 9242A5891A82A40B005AA4B3 /* MoDate.m */; };
		9242A5911A82A40B005AA4B3 /* MoCalCell.m in Sources */ = {isa = PBXBuildFile; fileRef = 9242A58B1A82A40B005AA4B3 /* MoCalCell.m */; };
		9242A5921A82A40B005AA4B3 /* MoCalGrid.m in Sources */ = {isa = PBXBuildFile; fileRef = 9242A58D1A82A40B005AA4B3 /* MoCalGrid.m */; };
		9242A5931A82A40B005AA4B3 /* MoCalendar.m in Sources */ = {isa = PBXBuildFile; fileRef = 9242A58F1A82A40B005AA4B3 /* MoCalendar.m */; };
		9242A5961A82BE5E005AA4B3 /* Itsycal.m in Sources */ = {isa = PBXBuildFile; fileRef = 9242A5951A82BE5E005AA4B3 /* Itsycal.m */; };
		924C518C1E5F721C0049E3A9 /* MoCalResizeHandle.m in Sources */ = {isa = PBXBuildFile; fileRef = 924C518B1E5F721C0049E3A9 /* MoCalResizeHandle.m */; };
		925B47181A93B63100E0329A /* MoCalToolTipWC.m in Sources */ = {isa = PBXBuildFile; fileRef = 925B47171A93B63100E0329A /* MoCalToolTipWC.m */; };
		925B471B1A93CD2A00E0329A /* TooltipViewController.m in Sources */ = {isa = PBXBuildFile; fileRef = 925B471A1A93CD2A00E0329A /* TooltipViewController.m */; };
		9261EB301EEF447500DCFFC4 /* Themer.m in Sources */ = {isa = PBXBuildFile; fileRef = 9261EB2F1EEF447500DCFFC4 /* Themer.m */; };
		92658E621A9DBD8E002AE86C /* EventViewController.m in Sources */ = {isa = PBXBuildFile; fileRef = 92658E611A9DBD8E002AE86C /* EventViewController.m */; };
		926A6D8F1E3EC89100AAA991 /* PrefsVC.m in Sources */ = {isa = PBXBuildFile; fileRef = 926A6D8E1E3EC89100AAA991 /* PrefsVC.m */; };
		9276916027E17C74007E7978 /* beep.mp3 in Resources */ = {isa = PBXBuildFile; fileRef = 9276915F27E17C74007E7978 /* beep.mp3 */; };
		9278CADB1A990462004B6BB9 /* MoTableView.m in Sources */ = {isa = PBXBuildFile; fileRef = 9278CADA1A990462004B6BB9 /* MoTableView.m */; };
		929223EB1E2D6E0900F1A119 /* HighlightPicker.m in Sources */ = {isa = PBXBuildFile; fileRef = 929223EA1E2D6E0800F1A119 /* HighlightPicker.m */; };
		92B28CCF210BD17500485AE2 /* Sizer.m in Sources */ = {isa = PBXBuildFile; fileRef = 92B28CCE210BD17500485AE2 /* Sizer.m */; };
		92CDDE7B1A955D7F00D7675C /* AgendaViewController.m in Sources */ = {isa = PBXBuildFile; fileRef = 92CDDE7A1A955D7F00D7675C /* AgendaViewController.m */; };
/* End PBXBuildFile section */

/* Begin PBXCopyFilesBuildPhase section */
		9252DF361AFD3557007B079F /* CopyFiles */ = {
			isa = PBXCopyFilesBuildPhase;
			buildActionMask = 2147483647;
			dstPath = "";
			dstSubfolderSpec = 10;
			files = (
				923E78E01D385D480012979B /* Sparkle.framework in CopyFiles */,
				923E78E11D385D4F0012979B /* MASShortcut.framework in CopyFiles */,
			);
			runOnlyForDeploymentPostprocessing = 0;
		};
/* End PBXCopyFilesBuildPhase section */

/* Begin PBXFileReference section */
		6F21F6F31F0CDA7D00F443BE /* zh-Hans */ = {isa = PBXFileReference; lastKnownFileType = text.plist.strings; name = "zh-Hans"; path = "zh-Hans.lproj/MainMenu.strings"; sourceTree = "<group>"; };
		6F21F6F41F0CDA7D00F443BE /* zh-Hans */ = {isa = PBXFileReference; fileEncoding = 4; lastKnownFileType = text.plist.strings; name = "zh-Hans"; path = "zh-Hans.lproj/InfoPlist.strings"; sourceTree = "<group>"; };
		6F21F6F51F0CDA7D00F443BE /* zh-Hans */ = {isa = PBXFileReference; fileEncoding = 4; lastKnownFileType = text.plist.strings; name = "zh-Hans"; path = "zh-Hans.lproj/Localizable.strings"; sourceTree = "<group>"; };
		920D6D4F266A83AC00498E19 /* MoLoginItem.m */ = {isa = PBXFileReference; fileEncoding = 4; lastKnownFileType = sourcecode.c.objc; path = MoLoginItem.m; sourceTree = "<group>"; };
		920D6D50266A83AC00498E19 /* MoLoginItem.h */ = {isa = PBXFileReference; fileEncoding = 4; lastKnownFileType = sourcecode.c.h; path = MoLoginItem.h; sourceTree = "<group>"; };
		921181C622E0192A00591FDA /* Colors.xcassets */ = {isa = PBXFileReference; lastKnownFileType = folder.assetcatalog; path = Colors.xcassets; sourceTree = "<group>"; };
		9215AD4A1E3AECA700317FAE /* MoVFLHelper.h */ = {isa = PBXFileReference; fileEncoding = 4; lastKnownFileType = sourcecode.c.h; path = MoVFLHelper.h; sourceTree = "<group>"; };
		9215AD4B1E3AECA700317FAE /* MoVFLHelper.m */ = {isa = PBXFileReference; fileEncoding = 4; lastKnownFileType = sourcecode.c.objc; path = MoVFLHelper.m; sourceTree = "<group>"; };
		921949F3225D283E00223258 /* Itsycal.entitlements */ = {isa = PBXFileReference; lastKnownFileType = text.plist.entitlements; path = Itsycal.entitlements; sourceTree = "<group>"; };
		921E62C01E26B3EA007B029F /* PrefsGeneralVC.h */ = {isa = PBXFileReference; fileEncoding = 4; lastKnownFileType = sourcecode.c.h; path = PrefsGeneralVC.h; sourceTree = "<group>"; };
		921E62C11E26B3EA007B029F /* PrefsGeneralVC.m */ = {isa = PBXFileReference; fileEncoding = 4; lastKnownFileType = sourcecode.c.objc; path = PrefsGeneralVC.m; sourceTree = "<group>"; };
		921E62CE1E26B9D2007B029F /* PrefsAppearanceVC.h */ = {isa = PBXFileReference; fileEncoding = 4; lastKnownFileType = sourcecode.c.h; path = PrefsAppearanceVC.h; sourceTree = "<group>"; };
		921E62CF1E26B9D2007B029F /* PrefsAppearanceVC.m */ = {isa = PBXFileReference; fileEncoding = 4; lastKnownFileType = sourcecode.c.objc; path = PrefsAppearanceVC.m; sourceTree = "<group>"; };
		921E62D11E26E038007B029F /* PrefsAboutVC.h */ = {isa = PBXFileReference; fileEncoding = 4; lastKnownFileType = sourcecode.c.h; path = PrefsAboutVC.h; sourceTree = "<group>"; };
		921E62D21E26E038007B029F /* PrefsAboutVC.m */ = {isa = PBXFileReference; fileEncoding = 4; lastKnownFileType = sourcecode.c.objc; path = PrefsAboutVC.m; sourceTree = "<group>"; };
		922232CB1A8DF672003BFAD9 /* EventCenter.h */ = {isa = PBXFileReference; fileEncoding = 4; lastKnownFileType = sourcecode.c.h; path = EventCenter.h; sourceTree = "<group>"; };
		922232CC1A8DF672003BFAD9 /* EventCenter.m */ = {isa = PBXFileReference; fileEncoding = 4; lastKnownFileType = sourcecode.c.objc; path = EventCenter.m; sourceTree = "<group>"; };
		9224B0731A8BE75500D63030 /* MoButton.h */ = {isa = PBXFileReference; fileEncoding = 4; lastKnownFileType = sourcecode.c.h; path = MoButton.h; sourceTree = "<group>"; };
		9224B0741A8BE75500D63030 /* MoButton.m */ = {isa = PBXFileReference; fileEncoding = 4; lastKnownFileType = sourcecode.c.objc; path = MoButton.m; sourceTree = "<group>"; };
		922B6B911A856A7D00DEA9CD /* SBCalendar.h */ = {isa = PBXFileReference; fileEncoding = 4; lastKnownFileType = sourcecode.c.h; path = SBCalendar.h; sourceTree = "<group>"; };
		922B6BB91A85E0EC00DEA9CD /* MoTextField.h */ = {isa = PBXFileReference; fileEncoding = 4; lastKnownFileType = sourcecode.c.h; path = MoTextField.h; sourceTree = "<group>"; };
		922B6BBA1A85E0EC00DEA9CD /* MoTextField.m */ = {isa = PBXFileReference; fileEncoding = 4; lastKnownFileType = sourcecode.c.objc; path = MoTextField.m; sourceTree = "<group>"; };
		922B6BBF1A87EDBD00DEA9CD /* de */ = {isa = PBXFileReference; lastKnownFileType = text.plist.strings; name = de; path = de.lproj/Localizable.strings; sourceTree = "<group>"; };
		922B6BC51A87EDBE00DEA9CD /* de */ = {isa = PBXFileReference; lastKnownFileType = text.plist.strings; name = de; path = de.lproj/InfoPlist.strings; sourceTree = "<group>"; };
		922B6BCC1A87FFF700DEA9CD /* de */ = {isa = PBXFileReference; lastKnownFileType = text.plist.strings; name = de; path = de.lproj/MainMenu.strings; sourceTree = "<group>"; };
		922B6BD21A881DBF00DEA9CD /* fr */ = {isa = PBXFileReference; lastKnownFileType = text.plist.strings; name = fr; path = fr.lproj/Localizable.strings; sourceTree = "<group>"; };
		922B6BD31A8821A200DEA9CD /* fr */ = {isa = PBXFileReference; lastKnownFileType = text.plist.strings; name = fr; path = fr.lproj/InfoPlist.strings; sourceTree = "<group>"; };
		922B6BD41A8821A300DEA9CD /* fr */ = {isa = PBXFileReference; lastKnownFileType = text.plist.strings; name = fr; path = fr.lproj/MainMenu.strings; sourceTree = "<group>"; };
		922B6BD51A88359800DEA9CD /* es */ = {isa = PBXFileReference; lastKnownFileType = text.plist.strings; name = es; path = es.lproj/MainMenu.strings; sourceTree = "<group>"; };
		922B6BD61A88359800DEA9CD /* es */ = {isa = PBXFileReference; lastKnownFileType = text.plist.strings; name = es; path = es.lproj/InfoPlist.strings; sourceTree = "<group>"; };
		922B6BD71A88359800DEA9CD /* es */ = {isa = PBXFileReference; lastKnownFileType = text.plist.strings; name = es; path = es.lproj/Localizable.strings; sourceTree = "<group>"; };
		922B6BDB1A88667700DEA9CD /* it */ = {isa = PBXFileReference; lastKnownFileType = text.plist.strings; name = it; path = it.lproj/Localizable.strings; sourceTree = "<group>"; };
		922B6BDC1A886C6900DEA9CD /* it */ = {isa = PBXFileReference; lastKnownFileType = text.plist.strings; name = it; path = it.lproj/InfoPlist.strings; sourceTree = "<group>"; };
		922B6BDD1A886C6900DEA9CD /* it */ = {isa = PBXFileReference; lastKnownFileType = text.plist.strings; name = it; path = it.lproj/MainMenu.strings; sourceTree = "<group>"; };
		922D9B241DC7A1C90050AB2F /* MoUtils.h */ = {isa = PBXFileReference; fileEncoding = 4; lastKnownFileType = sourcecode.c.h; path = MoUtils.h; sourceTree = "<group>"; };
		922D9B251DC7A1C90050AB2F /* MoUtils.m */ = {isa = PBXFileReference; fileEncoding = 4; lastKnownFileType = sourcecode.c.objc; path = MoUtils.m; sourceTree = "<group>"; };
		923E78DC1D385CF60012979B /* MASShortcut.framework */ = {isa = PBXFileReference; lastKnownFileType = wrapper.framework; name = MASShortcut.framework; path = _frameworks/MASShortcut.framework; sourceTree = "<group>"; };
		923E78DD1D385CF60012979B /* Sparkle.framework */ = {isa = PBXFileReference; lastKnownFileType = wrapper.framework; name = Sparkle.framework; path = _frameworks/Sparkle.framework; sourceTree = "<group>"; };
		9242A55C1A82A136005AA4B3 /* Itsycal.app */ = {isa = PBXFileReference; explicitFileType = wrapper.application; includeInIndex = 0; path = Itsycal.app; sourceTree = BUILT_PRODUCTS_DIR; };
		9242A5601A82A136005AA4B3 /* Info.plist */ = {isa = PBXFileReference; lastKnownFileType = text.plist.xml; path = Info.plist; sourceTree = "<group>"; };
		9242A5611A82A136005AA4B3 /* AppDelegate.h */ = {isa = PBXFileReference; lastKnownFileType = sourcecode.c.h; path = AppDelegate.h; sourceTree = "<group>"; };
		9242A5621A82A136005AA4B3 /* AppDelegate.m */ = {isa = PBXFileReference; lastKnownFileType = sourcecode.c.objc; path = AppDelegate.m; sourceTree = "<group>"; };
		9242A5641A82A136005AA4B3 /* main.m */ = {isa = PBXFileReference; lastKnownFileType = sourcecode.c.objc; path = main.m; sourceTree = "<group>"; };
		9242A5661A82A136005AA4B3 /* Images.xcassets */ = {isa = PBXFileReference; lastKnownFileType = folder.assetcatalog; path = Images.xcassets; sourceTree = "<group>"; };
		9242A5691A82A136005AA4B3 /* Base */ = {isa = PBXFileReference; lastKnownFileType = file.xib; name = Base; path = Base.lproj/MainMenu.xib; sourceTree = "<group>"; };
		9242A5821A82A189005AA4B3 /* ViewController.h */ = {isa = PBXFileReference; fileEncoding = 4; lastKnownFileType = sourcecode.c.h; path = ViewController.h; sourceTree = "<group>"; };
		9242A5831A82A189005AA4B3 /* ViewController.m */ = {isa = PBXFileReference; fileEncoding = 4; lastKnownFileType = sourcecode.c.objc; path = ViewController.m; sourceTree = "<group>"; };
		9242A5851A82A1A1005AA4B3 /* ItsycalWindow.h */ = {isa = PBXFileReference; fileEncoding = 4; lastKnownFileType = sourcecode.c.h; path = ItsycalWindow.h; sourceTree = "<group>"; };
		9242A5861A82A1A1005AA4B3 /* ItsycalWindow.m */ = {isa = PBXFileReference; fileEncoding = 4; lastKnownFileType = sourcecode.c.objc; path = ItsycalWindow.m; sourceTree = "<group>"; };
		9242A5881A82A40B005AA4B3 /* MoDate.h */ = {isa = PBXFileReference; fileEncoding = 4; lastKnownFileType = sourcecode.c.h; path = MoDate.h; sourceTree = "<group>"; };
		9242A5891A82A40B005AA4B3 /* MoDate.m */ = {isa = PBXFileReference; fileEncoding = 4; lastKnownFileType = sourcecode.c.objc; path = MoDate.m; sourceTree = "<group>"; };
		9242A58A1A82A40B005AA4B3 /* MoCalCell.h */ = {isa = PBXFileReference; fileEncoding = 4; lastKnownFileType = sourcecode.c.h; path = MoCalCell.h; sourceTree = "<group>"; };
		9242A58B1A82A40B005AA4B3 /* MoCalCell.m */ = {isa = PBXFileReference; fileEncoding = 4; lastKnownFileType = sourcecode.c.objc; path = MoCalCell.m; sourceTree = "<group>"; };
		9242A58C1A82A40B005AA4B3 /* MoCalGrid.h */ = {isa = PBXFileReference; fileEncoding = 4; lastKnownFileType = sourcecode.c.h; path = MoCalGrid.h; sourceTree = "<group>"; };
		9242A58D1A82A40B005AA4B3 /* MoCalGrid.m */ = {isa = PBXFileReference; fileEncoding = 4; lastKnownFileType = sourcecode.c.objc; path = MoCalGrid.m; sourceTree = "<group>"; };
		9242A58E1A82A40B005AA4B3 /* MoCalendar.h */ = {isa = PBXFileReference; fileEncoding = 4; lastKnownFileType = sourcecode.c.h; path = MoCalendar.h; sourceTree = "<group>"; };
		9242A58F1A82A40B005AA4B3 /* MoCalendar.m */ = {isa = PBXFileReference; fileEncoding = 4; lastKnownFileType = sourcecode.c.objc; path = MoCalendar.m; sourceTree = "<group>"; };
		9242A5941A82BE5E005AA4B3 /* Itsycal.h */ = {isa = PBXFileReference; fileEncoding = 4; lastKnownFileType = sourcecode.c.h; path = Itsycal.h; sourceTree = "<group>"; };
		9242A5951A82BE5E005AA4B3 /* Itsycal.m */ = {isa = PBXFileReference; fileEncoding = 4; lastKnownFileType = sourcecode.c.objc; path = Itsycal.m; sourceTree = "<group>"; };
		924C518A1E5F721C0049E3A9 /* MoCalResizeHandle.h */ = {isa = PBXFileReference; fileEncoding = 4; lastKnownFileType = sourcecode.c.h; path = MoCalResizeHandle.h; sourceTree = "<group>"; };
		924C518B1E5F721C0049E3A9 /* MoCalResizeHandle.m */ = {isa = PBXFileReference; fileEncoding = 4; lastKnownFileType = sourcecode.c.objc; path = MoCalResizeHandle.m; sourceTree = "<group>"; };
		925B47161A93B63100E0329A /* MoCalToolTipWC.h */ = {isa = PBXFileReference; fileEncoding = 4; lastKnownFileType = sourcecode.c.h; path = MoCalToolTipWC.h; sourceTree = "<group>"; };
		925B47171A93B63100E0329A /* MoCalToolTipWC.m */ = {isa = PBXFileReference; fileEncoding = 4; lastKnownFileType = sourcecode.c.objc; path = MoCalToolTipWC.m; sourceTree = "<group>"; };
		925B47191A93CD2A00E0329A /* TooltipViewController.h */ = {isa = PBXFileReference; fileEncoding = 4; lastKnownFileType = sourcecode.c.h; path = TooltipViewController.h; sourceTree = "<group>"; };
		925B471A1A93CD2A00E0329A /* TooltipViewController.m */ = {isa = PBXFileReference; fileEncoding = 4; lastKnownFileType = sourcecode.c.objc; path = TooltipViewController.m; sourceTree = "<group>"; };
		925B471D1A93E3D800E0329A /* MoCalTooltipProvider.h */ = {isa = PBXFileReference; fileEncoding = 4; lastKnownFileType = sourcecode.c.h; path = MoCalTooltipProvider.h; sourceTree = "<group>"; };
		9261EB2E1EEF447500DCFFC4 /* Themer.h */ = {isa = PBXFileReference; fileEncoding = 4; lastKnownFileType = sourcecode.c.h; path = Themer.h; sourceTree = "<group>"; };
		9261EB2F1EEF447500DCFFC4 /* Themer.m */ = {isa = PBXFileReference; fileEncoding = 4; lastKnownFileType = sourcecode.c.objc; path = Themer.m; sourceTree = "<group>"; };
		92658E601A9DBD8E002AE86C /* EventViewController.h */ = {isa = PBXFileReference; fileEncoding = 4; lastKnownFileType = sourcecode.c.h; path = EventViewController.h; sourceTree = "<group>"; };
		92658E611A9DBD8E002AE86C /* EventViewController.m */ = {isa = PBXFileReference; fileEncoding = 4; lastKnownFileType = sourcecode.c.objc; path = EventViewController.m; sourceTree = "<group>"; };
		926A6D8D1E3EC89100AAA991 /* PrefsVC.h */ = {isa = PBXFileReference; fileEncoding = 4; lastKnownFileType = sourcecode.c.h; path = PrefsVC.h; sourceTree = "<group>"; };
		926A6D8E1E3EC89100AAA991 /* PrefsVC.m */ = {isa = PBXFileReference; fileEncoding = 4; lastKnownFileType = sourcecode.c.objc; path = PrefsVC.m; sourceTree = "<group>"; };
		9276915F27E17C74007E7978 /* beep.mp3 */ = {isa = PBXFileReference; lastKnownFileType = audio.mp3; path = beep.mp3; sourceTree = "<group>"; };
		9278CAD91A990462004B6BB9 /* MoTableView.h */ = {isa = PBXFileReference; fileEncoding = 4; lastKnownFileType = sourcecode.c.h; path = MoTableView.h; sourceTree = "<group>"; };
		9278CADA1A990462004B6BB9 /* MoTableView.m */ = {isa = PBXFileReference; fileEncoding = 4; lastKnownFileType = sourcecode.c.objc; path = MoTableView.m; sourceTree = "<group>"; };
		929223E91E2D6E0800F1A119 /* HighlightPicker.h */ = {isa = PBXFileReference; fileEncoding = 4; lastKnownFileType = sourcecode.c.h; path = HighlightPicker.h; sourceTree = "<group>"; };
		929223EA1E2D6E0800F1A119 /* HighlightPicker.m */ = {isa = PBXFileReference; fileEncoding = 4; lastKnownFileType = sourcecode.c.objc; path = HighlightPicker.m; sourceTree = "<group>"; };
		92B28CCD210BD17500485AE2 /* Sizer.h */ = {isa = PBXFileReference; lastKnownFileType = sourcecode.c.h; path = Sizer.h; sourceTree = "<group>"; };
		92B28CCE210BD17500485AE2 /* Sizer.m */ = {isa = PBXFileReference; lastKnownFileType = sourcecode.c.objc; path = Sizer.m; sourceTree = "<group>"; };
		92CDDE791A955D7F00D7675C /* AgendaViewController.h */ = {isa = PBXFileReference; fileEncoding = 4; lastKnownFileType = sourcecode.c.h; path = AgendaViewController.h; sourceTree = "<group>"; };
		92CDDE7A1A955D7F00D7675C /* AgendaViewController.m */ = {isa = PBXFileReference; fileEncoding = 4; lastKnownFileType = sourcecode.c.objc; path = AgendaViewController.m; sourceTree = "<group>"; };
/* End PBXFileReference section */

/* Begin PBXFrameworksBuildPhase section */
		9242A5591A82A136005AA4B3 /* Frameworks */ = {
			isa = PBXFrameworksBuildPhase;
			buildActionMask = 2147483647;
			files = (
				923E78E21D385FD80012979B /* MASShortcut.framework in Frameworks */,
				923E78E31D385FDB0012979B /* Sparkle.framework in Frameworks */,
			);
			runOnlyForDeploymentPostprocessing = 0;
		};
/* End PBXFrameworksBuildPhase section */

/* Begin PBXGroup section */
		9228A5A5210509910076BFFC /* Prefs */ = {
			isa = PBXGroup;
			children = (
				926A6D8D1E3EC89100AAA991 /* PrefsVC.h */,
				926A6D8E1E3EC89100AAA991 /* PrefsVC.m */,
				921E62C01E26B3EA007B029F /* PrefsGeneralVC.h */,
				921E62C11E26B3EA007B029F /* PrefsGeneralVC.m */,
				921E62CE1E26B9D2007B029F /* PrefsAppearanceVC.h */,
				921E62CF1E26B9D2007B029F /* PrefsAppearanceVC.m */,
				921E62D11E26E038007B029F /* PrefsAboutVC.h */,
				921E62D21E26E038007B029F /* PrefsAboutVC.m */,
			);
			name = Prefs;
			sourceTree = "<group>";
		};
		923E78DB1D385CD80012979B /* Frameworks */ = {
			isa = PBXGroup;
			children = (
				923E78DC1D385CF60012979B /* MASShortcut.framework */,
				923E78DD1D385CF60012979B /* Sparkle.framework */,
			);
			name = Frameworks;
			sourceTree = "<group>";
		};
		9242A5531A82A136005AA4B3 = {
			isa = PBXGroup;
			children = (
				9242A55E1A82A136005AA4B3 /* Itsycal */,
				9242A55D1A82A136005AA4B3 /* Products */,
			);
			sourceTree = "<group>";
		};
		9242A55D1A82A136005AA4B3 /* Products */ = {
			isa = PBXGroup;
			children = (
				9242A55C1A82A136005AA4B3 /* Itsycal.app */,
			);
			name = Products;
			sourceTree = "<group>";
		};
		9242A55E1A82A136005AA4B3 /* Itsycal */ = {
			isa = PBXGroup;
			children = (
				9276915F27E17C74007E7978 /* beep.mp3 */,
				921949F3225D283E00223258 /* Itsycal.entitlements */,
				923E78DB1D385CD80012979B /* Frameworks */,
				9242A55F1A82A136005AA4B3 /* Supporting Files */,
				9242A5661A82A136005AA4B3 /* Images.xcassets */,
				921181C622E0192A00591FDA /* Colors.xcassets */,
				9242A5681A82A136005AA4B3 /* MainMenu.xib */,
				922B6B911A856A7D00DEA9CD /* SBCalendar.h */,
				9242A5611A82A136005AA4B3 /* AppDelegate.h */,
				9242A5621A82A136005AA4B3 /* AppDelegate.m */,
				922D9B241DC7A1C90050AB2F /* MoUtils.h */,
				922D9B251DC7A1C90050AB2F /* MoUtils.m */,
				9242A5941A82BE5E005AA4B3 /* Itsycal.h */,
				9242A5951A82BE5E005AA4B3 /* Itsycal.m */,
				9242A5821A82A189005AA4B3 /* ViewController.h */,
				9242A5831A82A189005AA4B3 /* ViewController.m */,
				9242A5851A82A1A1005AA4B3 /* ItsycalWindow.h */,
				9242A5861A82A1A1005AA4B3 /* ItsycalWindow.m */,
				92CDDE7C1A97FFE700D7675C /* MoCode */,
				9228A5A5210509910076BFFC /* Prefs */,
				929223E91E2D6E0800F1A119 /* HighlightPicker.h */,
				929223EA1E2D6E0800F1A119 /* HighlightPicker.m */,
				922232CB1A8DF672003BFAD9 /* EventCenter.h */,
				922232CC1A8DF672003BFAD9 /* EventCenter.m */,
				92CDDE791A955D7F00D7675C /* AgendaViewController.h */,
				92CDDE7A1A955D7F00D7675C /* AgendaViewController.m */,
				925B47191A93CD2A00E0329A /* TooltipViewController.h */,
				925B471A1A93CD2A00E0329A /* TooltipViewController.m */,
				92658E601A9DBD8E002AE86C /* EventViewController.h */,
				92658E611A9DBD8E002AE86C /* EventViewController.m */,
				9261EB2E1EEF447500DCFFC4 /* Themer.h */,
				9261EB2F1EEF447500DCFFC4 /* Themer.m */,
				92B28CCD210BD17500485AE2 /* Sizer.h */,
				92B28CCE210BD17500485AE2 /* Sizer.m */,
			);
			path = Itsycal;
			sourceTree = "<group>";
		};
		9242A55F1A82A136005AA4B3 /* Supporting Files */ = {
			isa = PBXGroup;
			children = (
				922B6BC61A87EDBE00DEA9CD /* InfoPlist.strings */,
				922B6BC01A87EDBD00DEA9CD /* Localizable.strings */,
				9242A5601A82A136005AA4B3 /* Info.plist */,
				9242A5641A82A136005AA4B3 /* main.m */,
			);
			name = "Supporting Files";
			sourceTree = "<group>";
		};
		9242A5971A832D7A005AA4B3 /* MoCalendar */ = {
			isa = PBXGroup;
			children = (
				9242A58A1A82A40B005AA4B3 /* MoCalCell.h */,
				9242A58B1A82A40B005AA4B3 /* MoCalCell.m */,
				9242A58C1A82A40B005AA4B3 /* MoCalGrid.h */,
				9242A58D1A82A40B005AA4B3 /* MoCalGrid.m */,
				9242A58E1A82A40B005AA4B3 /* MoCalendar.h */,
				9242A58F1A82A40B005AA4B3 /* MoCalendar.m */,
				925B471D1A93E3D800E0329A /* MoCalTooltipProvider.h */,
				925B47161A93B63100E0329A /* MoCalToolTipWC.h */,
				925B47171A93B63100E0329A /* MoCalToolTipWC.m */,
				924C518A1E5F721C0049E3A9 /* MoCalResizeHandle.h */,
				924C518B1E5F721C0049E3A9 /* MoCalResizeHandle.m */,
			);
			name = MoCalendar;
			sourceTree = "<group>";
		};
		92CDDE7C1A97FFE700D7675C /* MoCode */ = {
			isa = PBXGroup;
			children = (
				9242A5971A832D7A005AA4B3 /* MoCalendar */,
				9242A5881A82A40B005AA4B3 /* MoDate.h */,
				9242A5891A82A40B005AA4B3 /* MoDate.m */,
				922B6BB91A85E0EC00DEA9CD /* MoTextField.h */,
				922B6BBA1A85E0EC00DEA9CD /* MoTextField.m */,
				9224B0731A8BE75500D63030 /* MoButton.h */,
				9224B0741A8BE75500D63030 /* MoButton.m */,
				9278CAD91A990462004B6BB9 /* MoTableView.h */,
				9278CADA1A990462004B6BB9 /* MoTableView.m */,
				920D6D50266A83AC00498E19 /* MoLoginItem.h */,
				920D6D4F266A83AC00498E19 /* MoLoginItem.m */,
				9215AD4A1E3AECA700317FAE /* MoVFLHelper.h */,
				9215AD4B1E3AECA700317FAE /* MoVFLHelper.m */,
			);
			name = MoCode;
			sourceTree = "<group>";
		};
/* End PBXGroup section */

/* Begin PBXNativeTarget section */
		9242A55B1A82A136005AA4B3 /* Itsycal */ = {
			isa = PBXNativeTarget;
			buildConfigurationList = 9242A5791A82A136005AA4B3 /* Build configuration list for PBXNativeTarget "Itsycal" */;
			buildPhases = (
				9242A5581A82A136005AA4B3 /* Sources */,
				9242A5591A82A136005AA4B3 /* Frameworks */,
				9242A55A1A82A136005AA4B3 /* Resources */,
				9252DF361AFD3557007B079F /* CopyFiles */,
				921949F4225D287F00223258 /* ShellScript */,
			);
			buildRules = (
			);
			dependencies = (
			);
			name = Itsycal;
			productName = Moon;
			productReference = 9242A55C1A82A136005AA4B3 /* Itsycal.app */;
			productType = "com.apple.product-type.application";
		};
/* End PBXNativeTarget section */

/* Begin PBXProject section */
		9242A5541A82A136005AA4B3 /* Project object */ = {
			isa = PBXProject;
			attributes = {
				LastUpgradeCheck = 1250;
				ORGANIZATIONNAME = mowglii.com;
				TargetAttributes = {
					9242A55B1A82A136005AA4B3 = {
						CreatedOnToolsVersion = 6.1.1;
						DevelopmentTeam = HFT3T55WND;
						ProvisioningStyle = Manual;
						SystemCapabilities = {
							com.apple.HardenedRuntime = {
								enabled = 1;
							};
						};
					};
				};
			};
			buildConfigurationList = 9242A5571A82A136005AA4B3 /* Build configuration list for PBXProject "Itsycal" */;
			compatibilityVersion = "Xcode 3.2";
			developmentRegion = en;
			hasScannedForEncodings = 0;
			knownRegions = (
				en,
				Base,
				fr,
				es,
				it,
				de,
				"zh-Hans",
			);
			mainGroup = 9242A5531A82A136005AA4B3;
			productRefGroup = 9242A55D1A82A136005AA4B3 /* Products */;
			projectDirPath = "";
			projectRoot = "";
			targets = (
				9242A55B1A82A136005AA4B3 /* Itsycal */,
			);
		};
/* End PBXProject section */

/* Begin PBXResourcesBuildPhase section */
		9242A55A1A82A136005AA4B3 /* Resources */ = {
			isa = PBXResourcesBuildPhase;
			buildActionMask = 2147483647;
			files = (
				921181C722E0192A00591FDA /* Colors.xcassets in Resources */,
				9242A5671A82A136005AA4B3 /* Images.xcassets in Resources */,
				9276916027E17C74007E7978 /* beep.mp3 in Resources */,
				922B6BC41A87EDBE00DEA9CD /* InfoPlist.strings in Resources */,
				922B6BBE1A87EDBD00DEA9CD /* Localizable.strings in Resources */,
				9242A56A1A82A136005AA4B3 /* MainMenu.xib in Resources */,
			);
			runOnlyForDeploymentPostprocessing = 0;
		};
/* End PBXResourcesBuildPhase section */

/* Begin PBXShellScriptBuildPhase section */
		921949F4225D287F00223258 /* ShellScript */ = {
			isa = PBXShellScriptBuildPhase;
			buildActionMask = 2147483647;
			files = (
			);
			inputFileListPaths = (
			);
			inputPaths = (
			);
			outputFileListPaths = (
			);
			outputPaths = (
			);
			runOnlyForDeploymentPostprocessing = 0;
			shellPath = /bin/sh;
			shellScript = "# For notarization we need to deep codesign Sparkle.\n# github.com/sparkle-project/Sparkle/issues/1266#issuecomment-421182578\nLOCATION=\"${BUILT_PRODUCTS_DIR}\"/\"${FRAMEWORKS_FOLDER_PATH}\"\nIDENTITY=\"${CODE_SIGN_IDENTITY}\"\ncodesign --verbose --force --deep -o runtime --sign \"$IDENTITY\" \"$LOCATION/Sparkle.framework/Versions/A/Resources/AutoUpdate.app\"\ncodesign --verbose --force -o runtime --sign \"$IDENTITY\" \"$LOCATION/Sparkle.framework/Versions/A\"\n";
		};
/* End PBXShellScriptBuildPhase section */

/* Begin PBXSourcesBuildPhase section */
		9242A5581A82A136005AA4B3 /* Sources */ = {
			isa = PBXSourcesBuildPhase;
			buildActionMask = 2147483647;
			files = (
				920D6D51266A83AC00498E19 /* MoLoginItem.m in Sources */,
				9242A5921A82A40B005AA4B3 /* MoCalGrid.m in Sources */,
				92658E621A9DBD8E002AE86C /* EventViewController.m in Sources */,
				922232CD1A8DF672003BFAD9 /* EventCenter.m in Sources */,
				926A6D8F1E3EC89100AAA991 /* PrefsVC.m in Sources */,
				922D9B261DC7A1CA0050AB2F /* MoUtils.m in Sources */,
				9242A5651A82A136005AA4B3 /* main.m in Sources */,
				92B28CCF210BD17500485AE2 /* Sizer.m in Sources */,
				9278CADB1A990462004B6BB9 /* MoTableView.m in Sources */,
				929223EB1E2D6E0900F1A119 /* HighlightPicker.m in Sources */,
				925B47181A93B63100E0329A /* MoCalToolTipWC.m in Sources */,
				9242A5871A82A1A1005AA4B3 /* ItsycalWindow.m in Sources */,
				92CDDE7B1A955D7F00D7675C /* AgendaViewController.m in Sources */,
				9261EB301EEF447500DCFFC4 /* Themer.m in Sources */,
				922B6BBB1A85E0EC00DEA9CD /* MoTextField.m in Sources */,
				9215AD4C1E3AECA700317FAE /* MoVFLHelper.m in Sources */,
				9242A5901A82A40B005AA4B3 /* MoDate.m in Sources */,
				925B471B1A93CD2A00E0329A /* TooltipViewController.m in Sources */,
				921E62D01E26B9D2007B029F /* PrefsAppearanceVC.m in Sources */,
				9242A5961A82BE5E005AA4B3 /* Itsycal.m in Sources */,
				9242A5931A82A40B005AA4B3 /* MoCalendar.m in Sources */,
				9242A5911A82A40B005AA4B3 /* MoCalCell.m in Sources */,
				9224B0751A8BE75500D63030 /* MoButton.m in Sources */,
				9242A5841A82A189005AA4B3 /* ViewController.m in Sources */,
				924C518C1E5F721C0049E3A9 /* MoCalResizeHandle.m in Sources */,
				921E62CD1E26B3EA007B029F /* PrefsGeneralVC.m in Sources */,
				9242A5631A82A136005AA4B3 /* AppDelegate.m in Sources */,
				921E62D31E26E038007B029F /* PrefsAboutVC.m in Sources */,
			);
			runOnlyForDeploymentPostprocessing = 0;
		};
/* End PBXSourcesBuildPhase section */

/* Begin PBXVariantGroup section */
		922B6BC01A87EDBD00DEA9CD /* Localizable.strings */ = {
			isa = PBXVariantGroup;
			children = (
				922B6BBF1A87EDBD00DEA9CD /* de */,
				922B6BD21A881DBF00DEA9CD /* fr */,
				922B6BD71A88359800DEA9CD /* es */,
				922B6BDB1A88667700DEA9CD /* it */,
				6F21F6F51F0CDA7D00F443BE /* zh-Hans */,
			);
			name = Localizable.strings;
			sourceTree = "<group>";
		};
		922B6BC61A87EDBE00DEA9CD /* InfoPlist.strings */ = {
			isa = PBXVariantGroup;
			children = (
				922B6BC51A87EDBE00DEA9CD /* de */,
				922B6BD31A8821A200DEA9CD /* fr */,
				922B6BD61A88359800DEA9CD /* es */,
				922B6BDC1A886C6900DEA9CD /* it */,
				6F21F6F41F0CDA7D00F443BE /* zh-Hans */,
			);
			name = InfoPlist.strings;
			sourceTree = "<group>";
		};
		9242A5681A82A136005AA4B3 /* MainMenu.xib */ = {
			isa = PBXVariantGroup;
			children = (
				9242A5691A82A136005AA4B3 /* Base */,
				922B6BCC1A87FFF700DEA9CD /* de */,
				922B6BD41A8821A300DEA9CD /* fr */,
				922B6BD51A88359800DEA9CD /* es */,
				922B6BDD1A886C6900DEA9CD /* it */,
				6F21F6F31F0CDA7D00F443BE /* zh-Hans */,
			);
			name = MainMenu.xib;
			sourceTree = "<group>";
		};
/* End PBXVariantGroup section */

/* Begin XCBuildConfiguration section */
		9242A5771A82A136005AA4B3 /* Debug */ = {
			isa = XCBuildConfiguration;
			buildSettings = {
				ALWAYS_SEARCH_USER_PATHS = NO;
				CLANG_ANALYZER_LOCALIZABILITY_NONLOCALIZED = YES;
				CLANG_CXX_LANGUAGE_STANDARD = "gnu++0x";
				CLANG_CXX_LIBRARY = "libc++";
				CLANG_ENABLE_MODULES = YES;
				CLANG_ENABLE_OBJC_ARC = YES;
				CLANG_WARN_BLOCK_CAPTURE_AUTORELEASING = YES;
				CLANG_WARN_BOOL_CONVERSION = YES;
				CLANG_WARN_COMMA = YES;
				CLANG_WARN_CONSTANT_CONVERSION = YES;
				CLANG_WARN_DEPRECATED_OBJC_IMPLEMENTATIONS = YES;
				CLANG_WARN_DIRECT_OBJC_ISA_USAGE = YES_ERROR;
				CLANG_WARN_EMPTY_BODY = YES;
				CLANG_WARN_ENUM_CONVERSION = YES;
				CLANG_WARN_INFINITE_RECURSION = YES;
				CLANG_WARN_INT_CONVERSION = YES;
				CLANG_WARN_NON_LITERAL_NULL_CONVERSION = YES;
				CLANG_WARN_OBJC_IMPLICIT_RETAIN_SELF = YES;
				CLANG_WARN_OBJC_LITERAL_CONVERSION = YES;
				CLANG_WARN_OBJC_ROOT_CLASS = YES_ERROR;
				CLANG_WARN_QUOTED_INCLUDE_IN_FRAMEWORK_HEADER = NO;
				CLANG_WARN_RANGE_LOOP_ANALYSIS = YES;
				CLANG_WARN_STRICT_PROTOTYPES = YES;
				CLANG_WARN_SUSPICIOUS_MOVE = YES;
				CLANG_WARN_UNREACHABLE_CODE = YES;
				CLANG_WARN__DUPLICATE_METHOD_MATCH = YES;
				CODE_SIGN_IDENTITY = "Apple Development";
				COPY_PHASE_STRIP = NO;
				ENABLE_STRICT_OBJC_MSGSEND = YES;
				ENABLE_TESTABILITY = YES;
				GCC_C_LANGUAGE_STANDARD = gnu99;
				GCC_DYNAMIC_NO_PIC = NO;
				GCC_NO_COMMON_BLOCKS = YES;
				GCC_OPTIMIZATION_LEVEL = 0;
				GCC_PREPROCESSOR_DEFINITIONS = (
					"DEBUG=1",
					"$(inherited)",
				);
				GCC_SYMBOLS_PRIVATE_EXTERN = NO;
				GCC_WARN_64_TO_32_BIT_CONVERSION = YES;
				GCC_WARN_ABOUT_RETURN_TYPE = YES_ERROR;
				GCC_WARN_UNDECLARED_SELECTOR = YES;
				GCC_WARN_UNINITIALIZED_AUTOS = YES_AGGRESSIVE;
				GCC_WARN_UNUSED_FUNCTION = YES;
				GCC_WARN_UNUSED_VARIABLE = YES;
				MACOSX_DEPLOYMENT_TARGET = 10.14;
				MTL_ENABLE_DEBUG_INFO = YES;
				ONLY_ACTIVE_ARCH = YES;
				SDKROOT = macosx;
			};
			name = Debug;
		};
		9242A5781A82A136005AA4B3 /* Release */ = {
			isa = XCBuildConfiguration;
			buildSettings = {
				ALWAYS_SEARCH_USER_PATHS = NO;
				CLANG_ANALYZER_LOCALIZABILITY_NONLOCALIZED = YES;
				CLANG_CXX_LANGUAGE_STANDARD = "gnu++0x";
				CLANG_CXX_LIBRARY = "libc++";
				CLANG_ENABLE_MODULES = YES;
				CLANG_ENABLE_OBJC_ARC = YES;
				CLANG_WARN_BLOCK_CAPTURE_AUTORELEASING = YES;
				CLANG_WARN_BOOL_CONVERSION = YES;
				CLANG_WARN_COMMA = YES;
				CLANG_WARN_CONSTANT_CONVERSION = YES;
				CLANG_WARN_DEPRECATED_OBJC_IMPLEMENTATIONS = YES;
				CLANG_WARN_DIRECT_OBJC_ISA_USAGE = YES_ERROR;
				CLANG_WARN_EMPTY_BODY = YES;
				CLANG_WARN_ENUM_CONVERSION = YES;
				CLANG_WARN_INFINITE_RECURSION = YES;
				CLANG_WARN_INT_CONVERSION = YES;
				CLANG_WARN_NON_LITERAL_NULL_CONVERSION = YES;
				CLANG_WARN_OBJC_IMPLICIT_RETAIN_SELF = YES;
				CLANG_WARN_OBJC_LITERAL_CONVERSION = YES;
				CLANG_WARN_OBJC_ROOT_CLASS = YES_ERROR;
				CLANG_WARN_QUOTED_INCLUDE_IN_FRAMEWORK_HEADER = NO;
				CLANG_WARN_RANGE_LOOP_ANALYSIS = YES;
				CLANG_WARN_STRICT_PROTOTYPES = YES;
				CLANG_WARN_SUSPICIOUS_MOVE = YES;
				CLANG_WARN_UNREACHABLE_CODE = YES;
				CLANG_WARN__DUPLICATE_METHOD_MATCH = YES;
				CODE_SIGN_IDENTITY = "Apple Development";
				COPY_PHASE_STRIP = YES;
				DEBUG_INFORMATION_FORMAT = "dwarf-with-dsym";
				ENABLE_NS_ASSERTIONS = NO;
				ENABLE_STRICT_OBJC_MSGSEND = YES;
				GCC_C_LANGUAGE_STANDARD = gnu99;
				GCC_NO_COMMON_BLOCKS = YES;
				GCC_WARN_64_TO_32_BIT_CONVERSION = YES;
				GCC_WARN_ABOUT_RETURN_TYPE = YES_ERROR;
				GCC_WARN_UNDECLARED_SELECTOR = YES;
				GCC_WARN_UNINITIALIZED_AUTOS = YES_AGGRESSIVE;
				GCC_WARN_UNUSED_FUNCTION = YES;
				GCC_WARN_UNUSED_VARIABLE = YES;
				MACOSX_DEPLOYMENT_TARGET = 10.14;
				MTL_ENABLE_DEBUG_INFO = NO;
				ONLY_ACTIVE_ARCH = NO;
				SDKROOT = macosx;
			};
			name = Release;
		};
		9242A57A1A82A136005AA4B3 /* Debug */ = {
			isa = XCBuildConfiguration;
			buildSettings = {
				ASSETCATALOG_COMPILER_APPICON_NAME = AppIcon;
				CODE_SIGN_ENTITLEMENTS = Itsycal/Itsycal.entitlements;
				CODE_SIGN_IDENTITY = "Apple Development";
				COMBINE_HIDPI_IMAGES = YES;
				CURRENT_PROJECT_VERSION = 2203;
				DEVELOPMENT_TEAM = HFT3T55WND;
				ENABLE_HARDENED_RUNTIME = YES;
				FRAMEWORK_SEARCH_PATHS = (
					"$(inherited)",
					"$(PROJECT_DIR)/Itsycal/_frameworks",
				);
				INFOPLIST_FILE = Itsycal/Info.plist;
				LD_RUNPATH_SEARCH_PATHS = "$(inherited) @executable_path/../Frameworks";
				MARKETING_VERSION = 0.13.2;
				OTHER_LDFLAGS = "-Wl,-rpath,@loader_path/../Frameworks";
				PRODUCT_BUNDLE_IDENTIFIER = "com.mowglii.$(PRODUCT_NAME:rfc1034identifier)App";
				PRODUCT_NAME = "$(TARGET_NAME)";
			};
			name = Debug;
		};
		9242A57B1A82A136005AA4B3 /* Release */ = {
			isa = XCBuildConfiguration;
			buildSettings = {
				ASSETCATALOG_COMPILER_APPICON_NAME = AppIcon;
				CODE_SIGN_ENTITLEMENTS = Itsycal/Itsycal.entitlements;
				CODE_SIGN_IDENTITY = "Apple Development";
				COMBINE_HIDPI_IMAGES = YES;
				COPY_PHASE_STRIP = NO;
				CURRENT_PROJECT_VERSION = 2203;
				DEVELOPMENT_TEAM = HFT3T55WND;
				ENABLE_HARDENED_RUNTIME = YES;
				FRAMEWORK_SEARCH_PATHS = (
					"$(inherited)",
					"$(PROJECT_DIR)/Itsycal/_frameworks",
				);
				INFOPLIST_FILE = Itsycal/Info.plist;
				LD_RUNPATH_SEARCH_PATHS = "$(inherited) @executable_path/../Frameworks";
				MARKETING_VERSION = 0.13.2;
				OTHER_LDFLAGS = "-Wl,-rpath,@loader_path/../Frameworks";
				PRODUCT_BUNDLE_IDENTIFIER = "com.mowglii.$(PRODUCT_NAME:rfc1034identifier)App";
				PRODUCT_NAME = "$(TARGET_NAME)";
			};
			name = Release;
		};
/* End XCBuildConfiguration section */

/* Begin XCConfigurationList section */
		9242A5571A82A136005AA4B3 /* Build configuration list for PBXProject "Itsycal" */ = {
			isa = XCConfigurationList;
			buildConfigurations = (
				9242A5771A82A136005AA4B3 /* Debug */,
				9242A5781A82A136005AA4B3 /* Release */,
			);
			defaultConfigurationIsVisible = 0;
			defaultConfigurationName = Release;
		};
		9242A5791A82A136005AA4B3 /* Build configuration list for PBXNativeTarget "Itsycal" */ = {
			isa = XCConfigurationList;
			buildConfigurations = (
				9242A57A1A82A136005AA4B3 /* Debug */,
				9242A57B1A82A136005AA4B3 /* Release */,
			);
			defaultConfigurationIsVisible = 0;
			defaultConfigurationName = Release;
		};
/* End XCConfigurationList section */
	};
	rootObject = 9242A5541A82A136005AA4B3 /* Project object */;
}
